// !$*UTF8*$!
{
	archiveVersion = 1;
	classes = {
	};
	objectVersion = 55;
	objects = {

/* Begin PBXBuildFile section */
		C1092B9328D82B8000FB3CF7 /* Model.swift in Sources */ = {isa = PBXBuildFile; fileRef = C1092B9228D82B8000FB3CF7 /* Model.swift */; };
		C1092B9928D82E5D00FB3CF7 /* BoardView.swift in Sources */ = {isa = PBXBuildFile; fileRef = C1092B9828D82E5D00FB3CF7 /* BoardView.swift */; };
		C1092B9B28D82E7100FB3CF7 /* BoardButtons.swift in Sources */ = {isa = PBXBuildFile; fileRef = C1092B9A28D82E7100FB3CF7 /* BoardButtons.swift */; };
		C1092BA028D8317B00FB3CF7 /* BoardButtonsNext.swift in Sources */ = {isa = PBXBuildFile; fileRef = C1092B9F28D8317B00FB3CF7 /* BoardButtonsNext.swift */; };
		C1092BA228D8376E00FB3CF7 /* Pentominoes.swift in Sources */ = {isa = PBXBuildFile; fileRef = C1092BA128D8376E00FB3CF7 /* Pentominoes.swift */; };
		C186DC0228D9256E004431D6 /* BoardManager.swift in Sources */ = {isa = PBXBuildFile; fileRef = C186DC0128D9256E004431D6 /* BoardManager.swift */; };
		C186DC0728D9541E004431D6 /* FileInfo.swift in Sources */ = {isa = PBXBuildFile; fileRef = C186DC0628D9541E004431D6 /* FileInfo.swift */; };
		C1B39BF528E232D200C3A26F /* Tiles.json in Resources */ = {isa = PBXBuildFile; fileRef = C1EA7EE928DF82F0005EB995 /* Tiles.json */; };
		C1B39BF628E233E400C3A26F /* Solutions.json in Resources */ = {isa = PBXBuildFile; fileRef = C1EA7EEA28DF82F0005EB995 /* Solutions.json */; };
		C1B39BF728E233F500C3A26F /* StorageManager.swift in Sources */ = {isa = PBXBuildFile; fileRef = C186DC0828D95518004431D6 /* StorageManager.swift */; };
		C1F3E1AB28D76BB000669601 /* PentominoesApp.swift in Sources */ = {isa = PBXBuildFile; fileRef = C1F3E1AA28D76BB000669601 /* PentominoesApp.swift */; };
		C1F3E1AD28D76BB000669601 /* ContentView.swift in Sources */ = {isa = PBXBuildFile; fileRef = C1F3E1AC28D76BB000669601 /* ContentView.swift */; };
		C1F3E1AF28D76BB100669601 /* Assets.xcassets in Resources */ = {isa = PBXBuildFile; fileRef = C1F3E1AE28D76BB100669601 /* Assets.xcassets */; };
		C1F3E1B228D76BB100669601 /* Preview Assets.xcassets in Resources */ = {isa = PBXBuildFile; fileRef = C1F3E1B128D76BB100669601 /* Preview Assets.xcassets */; };
		C1F3E1BC28D76BB100669601 /* PentominoesTests.swift in Sources */ = {isa = PBXBuildFile; fileRef = C1F3E1BB28D76BB100669601 /* PentominoesTests.swift */; };
		C1F3E1C628D76BB100669601 /* PentominoesUITests.swift in Sources */ = {isa = PBXBuildFile; fileRef = C1F3E1C528D76BB100669601 /* PentominoesUITests.swift */; };
		C1F3E1C828D76BB100669601 /* PentominoesUITestsLaunchTests.swift in Sources */ = {isa = PBXBuildFile; fileRef = C1F3E1C728D76BB100669601 /* PentominoesUITestsLaunchTests.swift */; };
/* End PBXBuildFile section */

/* Begin PBXContainerItemProxy section */
		C1F3E1B828D76BB100669601 /* PBXContainerItemProxy */ = {
			isa = PBXContainerItemProxy;
			containerPortal = C1F3E19F28D76BB000669601 /* Project object */;
			proxyType = 1;
			remoteGlobalIDString = C1F3E1A628D76BB000669601;
			remoteInfo = Pentominoes;
		};
		C1F3E1C228D76BB100669601 /* PBXContainerItemProxy */ = {
			isa = PBXContainerItemProxy;
			containerPortal = C1F3E19F28D76BB000669601 /* Project object */;
			proxyType = 1;
			remoteGlobalIDString = C1F3E1A628D76BB000669601;
			remoteInfo = Pentominoes;
		};
/* End PBXContainerItemProxy section */

/* Begin PBXFileReference section */
		C1092B9228D82B8000FB3CF7 /* Model.swift */ = {isa = PBXFileReference; fileEncoding = 4; lastKnownFileType = sourcecode.swift; path = Model.swift; sourceTree = "<group>"; };
		C1092B9828D82E5D00FB3CF7 /* BoardView.swift */ = {isa = PBXFileReference; lastKnownFileType = sourcecode.swift; path = BoardView.swift; sourceTree = "<group>"; };
		C1092B9A28D82E7100FB3CF7 /* BoardButtons.swift */ = {isa = PBXFileReference; lastKnownFileType = sourcecode.swift; path = BoardButtons.swift; sourceTree = "<group>"; };
		C1092B9F28D8317B00FB3CF7 /* BoardButtonsNext.swift */ = {isa = PBXFileReference; lastKnownFileType = sourcecode.swift; path = BoardButtonsNext.swift; sourceTree = "<group>"; };
		C1092BA128D8376E00FB3CF7 /* Pentominoes.swift */ = {isa = PBXFileReference; lastKnownFileType = sourcecode.swift; path = Pentominoes.swift; sourceTree = "<group>"; };
		C186DC0128D9256E004431D6 /* BoardManager.swift */ = {isa = PBXFileReference; lastKnownFileType = sourcecode.swift; name = BoardManager.swift; path = Pentominoes/ViewModel/BoardManager.swift; sourceTree = SOURCE_ROOT; };
		C186DC0628D9541E004431D6 /* FileInfo.swift */ = {isa = PBXFileReference; lastKnownFileType = sourcecode.swift; path = FileInfo.swift; sourceTree = "<group>"; };
		C186DC0828D95518004431D6 /* StorageManager.swift */ = {isa = PBXFileReference; lastKnownFileType = sourcecode.swift; path = StorageManager.swift; sourceTree = "<group>"; };
		C1EA7EE928DF82F0005EB995 /* Tiles.json */ = {isa = PBXFileReference; lastKnownFileType = text.json; path = Tiles.json; sourceTree = "<group>"; };
		C1EA7EEA28DF82F0005EB995 /* Solutions.json */ = {isa = PBXFileReference; lastKnownFileType = text.json; path = Solutions.json; sourceTree = "<group>"; };
		C1F3E1A728D76BB000669601 /* Pentominoes.app */ = {isa = PBXFileReference; explicitFileType = wrapper.application; includeInIndex = 0; path = Pentominoes.app; sourceTree = BUILT_PRODUCTS_DIR; };
		C1F3E1AA28D76BB000669601 /* PentominoesApp.swift */ = {isa = PBXFileReference; lastKnownFileType = sourcecode.swift; path = PentominoesApp.swift; sourceTree = "<group>"; };
		C1F3E1AC28D76BB000669601 /* ContentView.swift */ = {isa = PBXFileReference; lastKnownFileType = sourcecode.swift; path = ContentView.swift; sourceTree = "<group>"; };
		C1F3E1AE28D76BB100669601 /* Assets.xcassets */ = {isa = PBXFileReference; lastKnownFileType = folder.assetcatalog; path = Assets.xcassets; sourceTree = "<group>"; };
		C1F3E1B128D76BB100669601 /* Preview Assets.xcassets */ = {isa = PBXFileReference; lastKnownFileType = folder.assetcatalog; path = "Preview Assets.xcassets"; sourceTree = "<group>"; };
		C1F3E1B728D76BB100669601 /* PentominoesTests.xctest */ = {isa = PBXFileReference; explicitFileType = wrapper.cfbundle; includeInIndex = 0; path = PentominoesTests.xctest; sourceTree = BUILT_PRODUCTS_DIR; };
		C1F3E1BB28D76BB100669601 /* PentominoesTests.swift */ = {isa = PBXFileReference; lastKnownFileType = sourcecode.swift; path = PentominoesTests.swift; sourceTree = "<group>"; };
		C1F3E1C128D76BB100669601 /* PentominoesUITests.xctest */ = {isa = PBXFileReference; explicitFileType = wrapper.cfbundle; includeInIndex = 0; path = PentominoesUITests.xctest; sourceTree = BUILT_PRODUCTS_DIR; };
		C1F3E1C528D76BB100669601 /* PentominoesUITests.swift */ = {isa = PBXFileReference; lastKnownFileType = sourcecode.swift; path = PentominoesUITests.swift; sourceTree = "<group>"; };
		C1F3E1C728D76BB100669601 /* PentominoesUITestsLaunchTests.swift */ = {isa = PBXFileReference; lastKnownFileType = sourcecode.swift; path = PentominoesUITestsLaunchTests.swift; sourceTree = "<group>"; };
/* End PBXFileReference section */

/* Begin PBXFrameworksBuildPhase section */
		C1F3E1A428D76BB000669601 /* Frameworks */ = {
			isa = PBXFrameworksBuildPhase;
			buildActionMask = 2147483647;
			files = (
			);
			runOnlyForDeploymentPostprocessing = 0;
		};
		C1F3E1B428D76BB100669601 /* Frameworks */ = {
			isa = PBXFrameworksBuildPhase;
			buildActionMask = 2147483647;
			files = (
			);
			runOnlyForDeploymentPostprocessing = 0;
		};
		C1F3E1BE28D76BB100669601 /* Frameworks */ = {
			isa = PBXFrameworksBuildPhase;
			buildActionMask = 2147483647;
			files = (
			);
			runOnlyForDeploymentPostprocessing = 0;
		};
/* End PBXFrameworksBuildPhase section */

/* Begin PBXGroup section */
		C1092B9C28D82E7900FB3CF7 /* Views */ = {
			isa = PBXGroup;
			children = (
				C1092B9A28D82E7100FB3CF7 /* BoardButtons.swift */,
				C1092B9F28D8317B00FB3CF7 /* BoardButtonsNext.swift */,
				C1092B9828D82E5D00FB3CF7 /* BoardView.swift */,
				C1092BA128D8376E00FB3CF7 /* Pentominoes.swift */,
			);
			path = Views;
			sourceTree = "<group>";
		};
		C1092B9D28D82E9C00FB3CF7 /* Model */ = {
			isa = PBXGroup;
			children = (
				C1092B9228D82B8000FB3CF7 /* Model.swift */,
				C1EA7EEA28DF82F0005EB995 /* Solutions.json */,
				C1EA7EE928DF82F0005EB995 /* Tiles.json */,
			);
			path = Model;
			sourceTree = "<group>";
		};
		C186DBFE28D8F6A5004431D6 /* ViewModel */ = {
			isa = PBXGroup;
			children = (
				C186DC0128D9256E004431D6 /* BoardManager.swift */,
			);
			path = ViewModel;
			sourceTree = "<group>";
		};
		C186DC0528D95400004431D6 /* Persistence */ = {
			isa = PBXGroup;
			children = (
				C186DC0628D9541E004431D6 /* FileInfo.swift */,
				C186DC0828D95518004431D6 /* StorageManager.swift */,
			);
			path = Persistence;
			sourceTree = "<group>";
		};
		C1F3E19E28D76BB000669601 = {
			isa = PBXGroup;
			children = (
				C1F3E1A928D76BB000669601 /* Pentominoes */,
				C1F3E1BA28D76BB100669601 /* PentominoesTests */,
				C1F3E1C428D76BB100669601 /* PentominoesUITests */,
				C1F3E1A828D76BB000669601 /* Products */,
			);
			sourceTree = "<group>";
		};
		C1F3E1A828D76BB000669601 /* Products */ = {
			isa = PBXGroup;
			children = (
				C1F3E1A728D76BB000669601 /* Pentominoes.app */,
				C1F3E1B728D76BB100669601 /* PentominoesTests.xctest */,
				C1F3E1C128D76BB100669601 /* PentominoesUITests.xctest */,
			);
			name = Products;
			sourceTree = "<group>";
		};
		C1F3E1A928D76BB000669601 /* Pentominoes */ = {
			isa = PBXGroup;
			children = (
				C186DC0528D95400004431D6 /* Persistence */,
				C1F3E1AA28D76BB000669601 /* PentominoesApp.swift */,
				C1F3E1AC28D76BB000669601 /* ContentView.swift */,
				C1092B9D28D82E9C00FB3CF7 /* Model */,
				C186DBFE28D8F6A5004431D6 /* ViewModel */,
				C1092B9C28D82E7900FB3CF7 /* Views */,
				C1F3E1AE28D76BB100669601 /* Assets.xcassets */,
				C1F3E1B028D76BB100669601 /* Preview Content */,
			);
			path = Pentominoes;
			sourceTree = "<group>";
		};
		C1F3E1B028D76BB100669601 /* Preview Content */ = {
			isa = PBXGroup;
			children = (
				C1F3E1B128D76BB100669601 /* Preview Assets.xcassets */,
			);
			path = "Preview Content";
			sourceTree = "<group>";
		};
		C1F3E1BA28D76BB100669601 /* PentominoesTests */ = {
			isa = PBXGroup;
			children = (
				C1F3E1BB28D76BB100669601 /* PentominoesTests.swift */,
			);
			path = PentominoesTests;
			sourceTree = "<group>";
		};
		C1F3E1C428D76BB100669601 /* PentominoesUITests */ = {
			isa = PBXGroup;
			children = (
				C1F3E1C528D76BB100669601 /* PentominoesUITests.swift */,
				C1F3E1C728D76BB100669601 /* PentominoesUITestsLaunchTests.swift */,
			);
			path = PentominoesUITests;
			sourceTree = "<group>";
		};
/* End PBXGroup section */

/* Begin PBXNativeTarget section */
		C1F3E1A628D76BB000669601 /* Pentominoes */ = {
			isa = PBXNativeTarget;
			buildConfigurationList = C1F3E1CB28D76BB100669601 /* Build configuration list for PBXNativeTarget "Pentominoes" */;
			buildPhases = (
				C1F3E1A328D76BB000669601 /* Sources */,
				C1F3E1A428D76BB000669601 /* Frameworks */,
				C1F3E1A528D76BB000669601 /* Resources */,
			);
			buildRules = (
			);
			dependencies = (
			);
			name = Pentominoes;
			productName = Pentominoes;
			productReference = C1F3E1A728D76BB000669601 /* Pentominoes.app */;
			productType = "com.apple.product-type.application";
		};
		C1F3E1B628D76BB100669601 /* PentominoesTests */ = {
			isa = PBXNativeTarget;
			buildConfigurationList = C1F3E1CE28D76BB100669601 /* Build configuration list for PBXNativeTarget "PentominoesTests" */;
			buildPhases = (
				C1F3E1B328D76BB100669601 /* Sources */,
				C1F3E1B428D76BB100669601 /* Frameworks */,
				C1F3E1B528D76BB100669601 /* Resources */,
			);
			buildRules = (
			);
			dependencies = (
				C1F3E1B928D76BB100669601 /* PBXTargetDependency */,
			);
			name = PentominoesTests;
			productName = PentominoesTests;
			productReference = C1F3E1B728D76BB100669601 /* PentominoesTests.xctest */;
			productType = "com.apple.product-type.bundle.unit-test";
		};
		C1F3E1C028D76BB100669601 /* PentominoesUITests */ = {
			isa = PBXNativeTarget;
			buildConfigurationList = C1F3E1D128D76BB100669601 /* Build configuration list for PBXNativeTarget "PentominoesUITests" */;
			buildPhases = (
				C1F3E1BD28D76BB100669601 /* Sources */,
				C1F3E1BE28D76BB100669601 /* Frameworks */,
				C1F3E1BF28D76BB100669601 /* Resources */,
			);
			buildRules = (
			);
			dependencies = (
				C1F3E1C328D76BB100669601 /* PBXTargetDependency */,
			);
			name = PentominoesUITests;
			productName = PentominoesUITests;
			productReference = C1F3E1C128D76BB100669601 /* PentominoesUITests.xctest */;
			productType = "com.apple.product-type.bundle.ui-testing";
		};
/* End PBXNativeTarget section */

/* Begin PBXProject section */
		C1F3E19F28D76BB000669601 /* Project object */ = {
			isa = PBXProject;
			attributes = {
				BuildIndependentTargetsInParallel = 1;
				LastSwiftUpdateCheck = 1340;
				LastUpgradeCheck = 1340;
				TargetAttributes = {
					C1F3E1A628D76BB000669601 = {
						CreatedOnToolsVersion = 13.4.1;
					};
					C1F3E1B628D76BB100669601 = {
						CreatedOnToolsVersion = 13.4.1;
						TestTargetID = C1F3E1A628D76BB000669601;
					};
					C1F3E1C028D76BB100669601 = {
						CreatedOnToolsVersion = 13.4.1;
						TestTargetID = C1F3E1A628D76BB000669601;
					};
				};
			};
			buildConfigurationList = C1F3E1A228D76BB000669601 /* Build configuration list for PBXProject "Pentominoes" */;
			compatibilityVersion = "Xcode 13.0";
			developmentRegion = en;
			hasScannedForEncodings = 0;
			knownRegions = (
				en,
				Base,
			);
			mainGroup = C1F3E19E28D76BB000669601;
			productRefGroup = C1F3E1A828D76BB000669601 /* Products */;
			projectDirPath = "";
			projectRoot = "";
			targets = (
				C1F3E1A628D76BB000669601 /* Pentominoes */,
				C1F3E1B628D76BB100669601 /* PentominoesTests */,
				C1F3E1C028D76BB100669601 /* PentominoesUITests */,
			);
		};
/* End PBXProject section */

/* Begin PBXResourcesBuildPhase section */
		C1F3E1A528D76BB000669601 /* Resources */ = {
			isa = PBXResourcesBuildPhase;
			buildActionMask = 2147483647;
			files = (
				C1F3E1B228D76BB100669601 /* Preview Assets.xcassets in Resources */,
				C1B39BF528E232D200C3A26F /* Tiles.json in Resources */,
				C1B39BF628E233E400C3A26F /* Solutions.json in Resources */,
				C1F3E1AF28D76BB100669601 /* Assets.xcassets in Resources */,
			);
			runOnlyForDeploymentPostprocessing = 0;
		};
		C1F3E1B528D76BB100669601 /* Resources */ = {
			isa = PBXResourcesBuildPhase;
			buildActionMask = 2147483647;
			files = (
			);
			runOnlyForDeploymentPostprocessing = 0;
		};
		C1F3E1BF28D76BB100669601 /* Resources */ = {
			isa = PBXResourcesBuildPhase;
			buildActionMask = 2147483647;
			files = (
			);
			runOnlyForDeploymentPostprocessing = 0;
		};
/* End PBXResourcesBuildPhase section */

/* Begin PBXSourcesBuildPhase section */
		C1F3E1A328D76BB000669601 /* Sources */ = {
			isa = PBXSourcesBuildPhase;
			buildActionMask = 2147483647;
			files = (
				C186DC0228D9256E004431D6 /* BoardManager.swift in Sources */,
				C1092B9328D82B8000FB3CF7 /* Model.swift in Sources */,
				C1092B9928D82E5D00FB3CF7 /* BoardView.swift in Sources */,
				C1F3E1AD28D76BB000669601 /* ContentView.swift in Sources */,
				C1F3E1AB28D76BB000669601 /* PentominoesApp.swift in Sources */,
				C1092BA228D8376E00FB3CF7 /* Pentominoes.swift in Sources */,
				C186DC0728D9541E004431D6 /* FileInfo.swift in Sources */,
				C1B39BF728E233F500C3A26F /* StorageManager.swift in Sources */,
				C1092B9B28D82E7100FB3CF7 /* BoardButtons.swift in Sources */,
				C1092BA028D8317B00FB3CF7 /* BoardButtonsNext.swift in Sources */,
			);
			runOnlyForDeploymentPostprocessing = 0;
		};
		C1F3E1B328D76BB100669601 /* Sources */ = {
			isa = PBXSourcesBuildPhase;
			buildActionMask = 2147483647;
			files = (
				C1F3E1BC28D76BB100669601 /* PentominoesTests.swift in Sources */,
			);
			runOnlyForDeploymentPostprocessing = 0;
		};
		C1F3E1BD28D76BB100669601 /* Sources */ = {
			isa = PBXSourcesBuildPhase;
			buildActionMask = 2147483647;
			files = (
				C1F3E1C828D76BB100669601 /* PentominoesUITestsLaunchTests.swift in Sources */,
				C1F3E1C628D76BB100669601 /* PentominoesUITests.swift in Sources */,
			);
			runOnlyForDeploymentPostprocessing = 0;
		};
/* End PBXSourcesBuildPhase section */

/* Begin PBXTargetDependency section */
		C1F3E1B928D76BB100669601 /* PBXTargetDependency */ = {
			isa = PBXTargetDependency;
			target = C1F3E1A628D76BB000669601 /* Pentominoes */;
			targetProxy = C1F3E1B828D76BB100669601 /* PBXContainerItemProxy */;
		};
		C1F3E1C328D76BB100669601 /* PBXTargetDependency */ = {
			isa = PBXTargetDependency;
			target = C1F3E1A628D76BB000669601 /* Pentominoes */;
			targetProxy = C1F3E1C228D76BB100669601 /* PBXContainerItemProxy */;
		};
/* End PBXTargetDependency section */

/* Begin XCBuildConfiguration section */
		C1F3E1C928D76BB100669601 /* Debug */ = {
			isa = XCBuildConfiguration;
			buildSettings = {
				ALWAYS_SEARCH_USER_PATHS = NO;
				CLANG_ANALYZER_NONNULL = YES;
				CLANG_ANALYZER_NUMBER_OBJECT_CONVERSION = YES_AGGRESSIVE;
				CLANG_CXX_LANGUAGE_STANDARD = "gnu++17";
				CLANG_ENABLE_MODULES = YES;
				CLANG_ENABLE_OBJC_ARC = YES;
				CLANG_ENABLE_OBJC_WEAK = YES;
				CLANG_WARN_BLOCK_CAPTURE_AUTORELEASING = YES;
				CLANG_WARN_BOOL_CONVERSION = YES;
				CLANG_WARN_COMMA = YES;
				CLANG_WARN_CONSTANT_CONVERSION = YES;
				CLANG_WARN_DEPRECATED_OBJC_IMPLEMENTATIONS = YES;
				CLANG_WARN_DIRECT_OBJC_ISA_USAGE = YES_ERROR;
				CLANG_WARN_DOCUMENTATION_COMMENTS = YES;
				CLANG_WARN_EMPTY_BODY = YES;
				CLANG_WARN_ENUM_CONVERSION = YES;
				CLANG_WARN_INFINITE_RECURSION = YES;
				CLANG_WARN_INT_CONVERSION = YES;
				CLANG_WARN_NON_LITERAL_NULL_CONVERSION = YES;
				CLANG_WARN_OBJC_IMPLICIT_RETAIN_SELF = YES;
				CLANG_WARN_OBJC_LITERAL_CONVERSION = YES;
				CLANG_WARN_OBJC_ROOT_CLASS = YES_ERROR;
				CLANG_WARN_QUOTED_INCLUDE_IN_FRAMEWORK_HEADER = YES;
				CLANG_WARN_RANGE_LOOP_ANALYSIS = YES;
				CLANG_WARN_STRICT_PROTOTYPES = YES;
				CLANG_WARN_SUSPICIOUS_MOVE = YES;
				CLANG_WARN_UNGUARDED_AVAILABILITY = YES_AGGRESSIVE;
				CLANG_WARN_UNREACHABLE_CODE = YES;
				CLANG_WARN__DUPLICATE_METHOD_MATCH = YES;
				COPY_PHASE_STRIP = NO;
				DEBUG_INFORMATION_FORMAT = dwarf;
				ENABLE_STRICT_OBJC_MSGSEND = YES;
				ENABLE_TESTABILITY = YES;
				GCC_C_LANGUAGE_STANDARD = gnu11;
				GCC_DYNAMIC_NO_PIC = NO;
				GCC_NO_COMMON_BLOCKS = YES;
				GCC_OPTIMIZATION_LEVEL = 0;
				GCC_PREPROCESSOR_DEFINITIONS = (
					"DEBUG=1",
					"$(inherited)",
				);
				GCC_WARN_64_TO_32_BIT_CONVERSION = YES;
				GCC_WARN_ABOUT_RETURN_TYPE = YES_ERROR;
				GCC_WARN_UNDECLARED_SELECTOR = YES;
				GCC_WARN_UNINITIALIZED_AUTOS = YES_AGGRESSIVE;
				GCC_WARN_UNUSED_FUNCTION = YES;
				GCC_WARN_UNUSED_VARIABLE = YES;
				IPHONEOS_DEPLOYMENT_TARGET = 15.5;
				MTL_ENABLE_DEBUG_INFO = INCLUDE_SOURCE;
				MTL_FAST_MATH = YES;
				ONLY_ACTIVE_ARCH = YES;
				SDKROOT = iphoneos;
				SWIFT_ACTIVE_COMPILATION_CONDITIONS = DEBUG;
				SWIFT_OPTIMIZATION_LEVEL = "-Onone";
			};
			name = Debug;
		};
		C1F3E1CA28D76BB100669601 /* Release */ = {
			isa = XCBuildConfiguration;
			buildSettings = {
				ALWAYS_SEARCH_USER_PATHS = NO;
				CLANG_ANALYZER_NONNULL = YES;
				CLANG_ANALYZER_NUMBER_OBJECT_CONVERSION = YES_AGGRESSIVE;
				CLANG_CXX_LANGUAGE_STANDARD = "gnu++17";
				CLANG_ENABLE_MODULES = YES;
				CLANG_ENABLE_OBJC_ARC = YES;
				CLANG_ENABLE_OBJC_WEAK = YES;
				CLANG_WARN_BLOCK_CAPTURE_AUTORELEASING = YES;
				CLANG_WARN_BOOL_CONVERSION = YES;
				CLANG_WARN_COMMA = YES;
				CLANG_WARN_CONSTANT_CONVERSION = YES;
				CLANG_WARN_DEPRECATED_OBJC_IMPLEMENTATIONS = YES;
				CLANG_WARN_DIRECT_OBJC_ISA_USAGE = YES_ERROR;
				CLANG_WARN_DOCUMENTATION_COMMENTS = YES;
				CLANG_WARN_EMPTY_BODY = YES;
				CLANG_WARN_ENUM_CONVERSION = YES;
				CLANG_WARN_INFINITE_RECURSION = YES;
				CLANG_WARN_INT_CONVERSION = YES;
				CLANG_WARN_NON_LITERAL_NULL_CONVERSION = YES;
				CLANG_WARN_OBJC_IMPLICIT_RETAIN_SELF = YES;
				CLANG_WARN_OBJC_LITERAL_CONVERSION = YES;
				CLANG_WARN_OBJC_ROOT_CLASS = YES_ERROR;
				CLANG_WARN_QUOTED_INCLUDE_IN_FRAMEWORK_HEADER = YES;
				CLANG_WARN_RANGE_LOOP_ANALYSIS = YES;
				CLANG_WARN_STRICT_PROTOTYPES = YES;
				CLANG_WARN_SUSPICIOUS_MOVE = YES;
				CLANG_WARN_UNGUARDED_AVAILABILITY = YES_AGGRESSIVE;
				CLANG_WARN_UNREACHABLE_CODE = YES;
				CLANG_WARN__DUPLICATE_METHOD_MATCH = YES;
				COPY_PHASE_STRIP = NO;
				DEBUG_INFORMATION_FORMAT = "dwarf-with-dsym";
				ENABLE_NS_ASSERTIONS = NO;
				ENABLE_STRICT_OBJC_MSGSEND = YES;
				GCC_C_LANGUAGE_STANDARD = gnu11;
				GCC_NO_COMMON_BLOCKS = YES;
				GCC_WARN_64_TO_32_BIT_CONVERSION = YES;
				GCC_WARN_ABOUT_RETURN_TYPE = YES_ERROR;
				GCC_WARN_UNDECLARED_SELECTOR = YES;
				GCC_WARN_UNINITIALIZED_AUTOS = YES_AGGRESSIVE;
				GCC_WARN_UNUSED_FUNCTION = YES;
				GCC_WARN_UNUSED_VARIABLE = YES;
				IPHONEOS_DEPLOYMENT_TARGET = 15.5;
				MTL_ENABLE_DEBUG_INFO = NO;
				MTL_FAST_MATH = YES;
				SDKROOT = iphoneos;
				SWIFT_COMPILATION_MODE = wholemodule;
				SWIFT_OPTIMIZATION_LEVEL = "-O";
				VALIDATE_PRODUCT = YES;
			};
			name = Release;
		};
		C1F3E1CC28D76BB100669601 /* Debug */ = {
			isa = XCBuildConfiguration;
			buildSettings = {
				ASSETCATALOG_COMPILER_APPICON_NAME = AppIcon;
				ASSETCATALOG_COMPILER_GLOBAL_ACCENT_COLOR_NAME = AccentColor;
				CODE_SIGN_STYLE = Automatic;
				CURRENT_PROJECT_VERSION = 1;
				DEVELOPMENT_ASSET_PATHS = "\"Pentominoes/Preview Content\"";
				DEVELOPMENT_TEAM = L66MHS2HQ7;
				ENABLE_PREVIEWS = YES;
				GENERATE_INFOPLIST_FILE = YES;
				INFOPLIST_KEY_UIApplicationSceneManifest_Generation = YES;
				INFOPLIST_KEY_UIApplicationSupportsIndirectInputEvents = YES;
				INFOPLIST_KEY_UILaunchScreen_Generation = YES;
				INFOPLIST_KEY_UISupportedInterfaceOrientations_iPad = "UIInterfaceOrientationPortrait UIInterfaceOrientationPortraitUpsideDown UIInterfaceOrientationLandscapeLeft UIInterfaceOrientationLandscapeRight";
				INFOPLIST_KEY_UISupportedInterfaceOrientations_iPhone = "UIInterfaceOrientationPortrait UIInterfaceOrientationLandscapeLeft UIInterfaceOrientationLandscapeRight";
				LD_RUNPATH_SEARCH_PATHS = (
					"$(inherited)",
					"@executable_path/Frameworks",
				);
				MARKETING_VERSION = 1.0;
				PRODUCT_BUNDLE_IDENTIFIER = edu.psu.wpw5138.Pentominoes;
				PRODUCT_NAME = "$(TARGET_NAME)";
				SWIFT_EMIT_LOC_STRINGS = YES;
				SWIFT_VERSION = 5.0;
				TARGETED_DEVICE_FAMILY = "1,2";
			};
			name = Debug;
		};
		C1F3E1CD28D76BB100669601 /* Release */ = {
			isa = XCBuildConfiguration;
			buildSettings = {
				ASSETCATALOG_COMPILER_APPICON_NAME = AppIcon;
				ASSETCATALOG_COMPILER_GLOBAL_ACCENT_COLOR_NAME = AccentColor;
				CODE_SIGN_STYLE = Automatic;
				CURRENT_PROJECT_VERSION = 1;
				DEVELOPMENT_ASSET_PATHS = "\"Pentominoes/Preview Content\"";
				DEVELOPMENT_TEAM = L66MHS2HQ7;
				ENABLE_PREVIEWS = YES;
				GENERATE_INFOPLIST_FILE = YES;
				INFOPLIST_KEY_UIApplicationSceneManifest_Generation = YES;
				INFOPLIST_KEY_UIApplicationSupportsIndirectInputEvents = YES;
				INFOPLIST_KEY_UILaunchScreen_Generation = YES;
				INFOPLIST_KEY_UISupportedInterfaceOrientations_iPad = "UIInterfaceOrientationPortrait UIInterfaceOrientationPortraitUpsideDown UIInterfaceOrientationLandscapeLeft UIInterfaceOrientationLandscapeRight";
				INFOPLIST_KEY_UISupportedInterfaceOrientations_iPhone = "UIInterfaceOrientationPortrait UIInterfaceOrientationLandscapeLeft UIInterfaceOrientationLandscapeRight";
				LD_RUNPATH_SEARCH_PATHS = (
					"$(inherited)",
					"@executable_path/Frameworks",
				);
				MARKETING_VERSION = 1.0;
				PRODUCT_BUNDLE_IDENTIFIER = edu.psu.wpw5138.Pentominoes;
				PRODUCT_NAME = "$(TARGET_NAME)";
				SWIFT_EMIT_LOC_STRINGS = YES;
				SWIFT_VERSION = 5.0;
				TARGETED_DEVICE_FAMILY = "1,2";
			};
			name = Release;
		};
		C1F3E1CF28D76BB100669601 /* Debug */ = {
			isa = XCBuildConfiguration;
			buildSettings = {
				ALWAYS_EMBED_SWIFT_STANDARD_LIBRARIES = YES;
				BUNDLE_LOADER = "$(TEST_HOST)";
				CODE_SIGN_STYLE = Automatic;
				CURRENT_PROJECT_VERSION = 1;
				DEVELOPMENT_TEAM = L66MHS2HQ7;
				GENERATE_INFOPLIST_FILE = YES;
				IPHONEOS_DEPLOYMENT_TARGET = 15.5;
				MARKETING_VERSION = 1.0;
				PRODUCT_BUNDLE_IDENTIFIER = edu.psu.wpw5138.PentominoesTests;
				PRODUCT_NAME = "$(TARGET_NAME)";
				SWIFT_EMIT_LOC_STRINGS = NO;
				SWIFT_VERSION = 5.0;
				TARGETED_DEVICE_FAMILY = "1,2";
				TEST_HOST = "$(BUILT_PRODUCTS_DIR)/Pentominoes.app/Pentominoes";
			};
			name = Debug;
		};
		C1F3E1D028D76BB100669601 /* Release */ = {
			isa = XCBuildConfiguration;
			buildSettings = {
				ALWAYS_EMBED_SWIFT_STANDARD_LIBRARIES = YES;
				BUNDLE_LOADER = "$(TEST_HOST)";
				CODE_SIGN_STYLE = Automatic;
				CURRENT_PROJECT_VERSION = 1;
				DEVELOPMENT_TEAM = L66MHS2HQ7;
				GENERATE_INFOPLIST_FILE = YES;
				IPHONEOS_DEPLOYMENT_TARGET = 15.5;
				MARKETING_VERSION = 1.0;
				PRODUCT_BUNDLE_IDENTIFIER = edu.psu.wpw5138.PentominoesTests;
				PRODUCT_NAME = "$(TARGET_NAME)";
				SWIFT_EMIT_LOC_STRINGS = NO;
				SWIFT_VERSION = 5.0;
				TARGETED_DEVICE_FAMILY = "1,2";
				TEST_HOST = "$(BUILT_PRODUCTS_DIR)/Pentominoes.app/Pentominoes";
			};
			name = Release;
		};
		C1F3E1D228D76BB100669601 /* Debug */ = {
			isa = XCBuildConfiguration;
			buildSettings = {
				ALWAYS_EMBED_SWIFT_STANDARD_LIBRARIES = YES;
				CODE_SIGN_STYLE = Automatic;
				CURRENT_PROJECT_VERSION = 1;
				DEVELOPMENT_TEAM = L66MHS2HQ7;
				GENERATE_INFOPLIST_FILE = YES;
				MARKETING_VERSION = 1.0;
				PRODUCT_BUNDLE_IDENTIFIER = edu.psu.wpw5138.PentominoesUITests;
				PRODUCT_NAME = "$(TARGET_NAME)";
				SWIFT_EMIT_LOC_STRINGS = NO;
				SWIFT_VERSION = 5.0;
				TARGETED_DEVICE_FAMILY = "1,2";
				TEST_TARGET_NAME = Pentominoes;
			};
			name = Debug;
		};
		C1F3E1D328D76BB100669601 /* Release */ = {
			isa = XCBuildConfiguration;
			buildSettings = {
				ALWAYS_EMBED_SWIFT_STANDARD_LIBRARIES = YES;
				CODE_SIGN_STYLE = Automatic;
				CURRENT_PROJECT_VERSION = 1;
				DEVELOPMENT_TEAM = L66MHS2HQ7;
				GENERATE_INFOPLIST_FILE = YES;
				MARKETING_VERSION = 1.0;
				PRODUCT_BUNDLE_IDENTIFIER = edu.psu.wpw5138.PentominoesUITests;
				PRODUCT_NAME = "$(TARGET_NAME)";
				SWIFT_EMIT_LOC_STRINGS = NO;
				SWIFT_VERSION = 5.0;
				TARGETED_DEVICE_FAMILY = "1,2";
				TEST_TARGET_NAME = Pentominoes;
			};
			name = Release;
		};
/* End XCBuildConfiguration section */

/* Begin XCConfigurationList section */
		C1F3E1A228D76BB000669601 /* Build configuration list for PBXProject "Pentominoes" */ = {
			isa = XCConfigurationList;
			buildConfigurations = (
				C1F3E1C928D76BB100669601 /* Debug */,
				C1F3E1CA28D76BB100669601 /* Release */,
			);
			defaultConfigurationIsVisible = 0;
			defaultConfigurationName = Release;
		};
		C1F3E1CB28D76BB100669601 /* Build configuration list for PBXNativeTarget "Pentominoes" */ = {
			isa = XCConfigurationList;
			buildConfigurations = (
				C1F3E1CC28D76BB100669601 /* Debug */,
				C1F3E1CD28D76BB100669601 /* Release */,
			);
			defaultConfigurationIsVisible = 0;
			defaultConfigurationName = Release;
		};
		C1F3E1CE28D76BB100669601 /* Build configuration list for PBXNativeTarget "PentominoesTests" */ = {
			isa = XCConfigurationList;
			buildConfigurations = (
				C1F3E1CF28D76BB100669601 /* Debug */,
				C1F3E1D028D76BB100669601 /* Release */,
			);
			defaultConfigurationIsVisible = 0;
			defaultConfigurationName = Release;
		};
		C1F3E1D128D76BB100669601 /* Build configuration list for PBXNativeTarget "PentominoesUITests" */ = {
			isa = XCConfigurationList;
			buildConfigurations = (
				C1F3E1D228D76BB100669601 /* Debug */,
				C1F3E1D328D76BB100669601 /* Release */,
			);
			defaultConfigurationIsVisible = 0;
			defaultConfigurationName = Release;
		};
/* End XCConfigurationList section */
	};
	rootObject = C1F3E19F28D76BB000669601 /* Project object */;
}
