// !$*UTF8*$!
{
	archiveVersion = 1;
	classes = {
	};
	objectVersion = 55;
	objects = {

/* Begin PBXBuildFile section */
		C1124B7828E39F7C007C25F7 /* CampusMapApp.swift in Sources */ = {isa = PBXBuildFile; fileRef = C1124B7728E39F7C007C25F7 /* CampusMapApp.swift */; };
		C1124B7C28E39F7D007C25F7 /* Assets.xcassets in Resources */ = {isa = PBXBuildFile; fileRef = C1124B7B28E39F7D007C25F7 /* Assets.xcassets */; };
		C1124B7F28E39F7D007C25F7 /* Preview Assets.xcassets in Resources */ = {isa = PBXBuildFile; fileRef = C1124B7E28E39F7D007C25F7 /* Preview Assets.xcassets */; };
		C1124B8928E39F7D007C25F7 /* CampusMapTests.swift in Sources */ = {isa = PBXBuildFile; fileRef = C1124B8828E39F7D007C25F7 /* CampusMapTests.swift */; };
		C1124B9328E39F7D007C25F7 /* CampusMapUITests.swift in Sources */ = {isa = PBXBuildFile; fileRef = C1124B9228E39F7D007C25F7 /* CampusMapUITests.swift */; };
		C1124B9528E39F7D007C25F7 /* CampusMapUITestsLaunchTests.swift in Sources */ = {isa = PBXBuildFile; fileRef = C1124B9428E39F7D007C25F7 /* CampusMapUITestsLaunchTests.swift */; };
		C1124BA328E3A101007C25F7 /* LocationModel.swift in Sources */ = {isa = PBXBuildFile; fileRef = C1124BA228E3A101007C25F7 /* LocationModel.swift */; };
		C1124BA728E3A1B0007C25F7 /* buildings.json in Resources */ = {isa = PBXBuildFile; fileRef = C1124BA628E3A1B0007C25F7 /* buildings.json */; };
		C1124BAB28E3A592007C25F7 /* Building.swift in Sources */ = {isa = PBXBuildFile; fileRef = C1124BAA28E3A592007C25F7 /* Building.swift */; };
		C1124BAD28E3A828007C25F7 /* CampusMapView.swift in Sources */ = {isa = PBXBuildFile; fileRef = C1124BAC28E3A828007C25F7 /* CampusMapView.swift */; };
		C1124BB128E3A86A007C25F7 /* MapManager.swift in Sources */ = {isa = PBXBuildFile; fileRef = C1124BB028E3A86A007C25F7 /* MapManager.swift */; };
		C153A7AC28EC7FB300F23C1A /* Show_HideView.swift in Sources */ = {isa = PBXBuildFile; fileRef = C153A7AB28EC7FB300F23C1A /* Show_HideView.swift */; };
		C188119828FE17FB0056ACAD /* UIMap.swift in Sources */ = {isa = PBXBuildFile; fileRef = C188119728FE17FB0056ACAD /* UIMap.swift */; };
		C188119A28FE18580056ACAD /* MapCoordinator.swift in Sources */ = {isa = PBXBuildFile; fileRef = C188119928FE18580056ACAD /* MapCoordinator.swift */; };
		C1995AE328F493160029BD6A /* FileInfo.swift in Sources */ = {isa = PBXBuildFile; fileRef = C1995AE228F493160029BD6A /* FileInfo.swift */; };
		C1995AE528F4932D0029BD6A /* StorageManager.swift in Sources */ = {isa = PBXBuildFile; fileRef = C1995AE428F4932D0029BD6A /* StorageManager.swift */; };
		C1995AE728F499980029BD6A /* MapManagerLocation.swift in Sources */ = {isa = PBXBuildFile; fileRef = C1995AE628F499980029BD6A /* MapManagerLocation.swift */; };
		C1995AEB28F50AEA0029BD6A /* MapSearchRoute.swift in Sources */ = {isa = PBXBuildFile; fileRef = C1995AEA28F50AEA0029BD6A /* MapSearchRoute.swift */; };
		C1A6E86628FE21A3000E9FD4 /* DroppedPin.swift in Sources */ = {isa = PBXBuildFile; fileRef = C1A6E86528FE21A3000E9FD4 /* DroppedPin.swift */; };
		C1A6E86828FEE201000E9FD4 /* SettingPage.swift in Sources */ = {isa = PBXBuildFile; fileRef = C1A6E86728FEE201000E9FD4 /* SettingPage.swift */; };
		C1D5AFDA28F7140E00D2AA55 /* ContentTabView.swift in Sources */ = {isa = PBXBuildFile; fileRef = C1D5AFD928F7140E00D2AA55 /* ContentTabView.swift */; };
		C1D5AFDC28F7158000D2AA55 /* BuildingListView.swift in Sources */ = {isa = PBXBuildFile; fileRef = C1D5AFDB28F7158000D2AA55 /* BuildingListView.swift */; };
		C1D6204C28E75D1D0050F0B3 /* MapAnnotations.swift in Sources */ = {isa = PBXBuildFile; fileRef = C1D6204B28E75D1D0050F0B3 /* MapAnnotations.swift */; };
		C1E3FFAC28E75C450076D424 /* BuildingDetailView.swift in Sources */ = {isa = PBXBuildFile; fileRef = C1E3FFAB28E75C450076D424 /* BuildingDetailView.swift */; };
/* End PBXBuildFile section */

/* Begin PBXContainerItemProxy section */
		C1124B8528E39F7D007C25F7 /* PBXContainerItemProxy */ = {
			isa = PBXContainerItemProxy;
			containerPortal = C1124B6C28E39F7C007C25F7 /* Project object */;
			proxyType = 1;
			remoteGlobalIDString = C1124B7328E39F7C007C25F7;
			remoteInfo = CampusMap;
		};
		C1124B8F28E39F7D007C25F7 /* PBXContainerItemProxy */ = {
			isa = PBXContainerItemProxy;
			containerPortal = C1124B6C28E39F7C007C25F7 /* Project object */;
			proxyType = 1;
			remoteGlobalIDString = C1124B7328E39F7C007C25F7;
			remoteInfo = CampusMap;
		};
/* End PBXContainerItemProxy section */

/* Begin PBXFileReference section */
		C1124B7428E39F7C007C25F7 /* CampusMap.app */ = {isa = PBXFileReference; explicitFileType = wrapper.application; includeInIndex = 0; path = CampusMap.app; sourceTree = BUILT_PRODUCTS_DIR; };
		C1124B7728E39F7C007C25F7 /* CampusMapApp.swift */ = {isa = PBXFileReference; lastKnownFileType = sourcecode.swift; path = CampusMapApp.swift; sourceTree = "<group>"; };
		C1124B7B28E39F7D007C25F7 /* Assets.xcassets */ = {isa = PBXFileReference; lastKnownFileType = folder.assetcatalog; path = Assets.xcassets; sourceTree = "<group>"; };
		C1124B7E28E39F7D007C25F7 /* Preview Assets.xcassets */ = {isa = PBXFileReference; lastKnownFileType = folder.assetcatalog; path = "Preview Assets.xcassets"; sourceTree = "<group>"; };
		C1124B8428E39F7D007C25F7 /* CampusMapTests.xctest */ = {isa = PBXFileReference; explicitFileType = wrapper.cfbundle; includeInIndex = 0; path = CampusMapTests.xctest; sourceTree = BUILT_PRODUCTS_DIR; };
		C1124B8828E39F7D007C25F7 /* CampusMapTests.swift */ = {isa = PBXFileReference; lastKnownFileType = sourcecode.swift; path = CampusMapTests.swift; sourceTree = "<group>"; };
		C1124B8E28E39F7D007C25F7 /* CampusMapUITests.xctest */ = {isa = PBXFileReference; explicitFileType = wrapper.cfbundle; includeInIndex = 0; path = CampusMapUITests.xctest; sourceTree = BUILT_PRODUCTS_DIR; };
		C1124B9228E39F7D007C25F7 /* CampusMapUITests.swift */ = {isa = PBXFileReference; lastKnownFileType = sourcecode.swift; path = CampusMapUITests.swift; sourceTree = "<group>"; };
		C1124B9428E39F7D007C25F7 /* CampusMapUITestsLaunchTests.swift */ = {isa = PBXFileReference; lastKnownFileType = sourcecode.swift; path = CampusMapUITestsLaunchTests.swift; sourceTree = "<group>"; };
		C1124BA228E3A101007C25F7 /* LocationModel.swift */ = {isa = PBXFileReference; lastKnownFileType = sourcecode.swift; path = LocationModel.swift; sourceTree = "<group>"; };
		C1124BA628E3A1B0007C25F7 /* buildings.json */ = {isa = PBXFileReference; fileEncoding = 4; lastKnownFileType = text.json; path = buildings.json; sourceTree = "<group>"; };
		C1124BAA28E3A592007C25F7 /* Building.swift */ = {isa = PBXFileReference; lastKnownFileType = sourcecode.swift; path = Building.swift; sourceTree = "<group>"; };
		C1124BAC28E3A828007C25F7 /* CampusMapView.swift */ = {isa = PBXFileReference; lastKnownFileType = sourcecode.swift; path = CampusMapView.swift; sourceTree = "<group>"; };
		C1124BB028E3A86A007C25F7 /* MapManager.swift */ = {isa = PBXFileReference; lastKnownFileType = sourcecode.swift; path = MapManager.swift; sourceTree = "<group>"; };
		C153A7AB28EC7FB300F23C1A /* Show_HideView.swift */ = {isa = PBXFileReference; lastKnownFileType = sourcecode.swift; path = Show_HideView.swift; sourceTree = "<group>"; };
		C188119728FE17FB0056ACAD /* UIMap.swift */ = {isa = PBXFileReference; lastKnownFileType = sourcecode.swift; path = UIMap.swift; sourceTree = "<group>"; };
		C188119928FE18580056ACAD /* MapCoordinator.swift */ = {isa = PBXFileReference; lastKnownFileType = sourcecode.swift; path = MapCoordinator.swift; sourceTree = "<group>"; };
		C1995AE228F493160029BD6A /* FileInfo.swift */ = {isa = PBXFileReference; lastKnownFileType = sourcecode.swift; path = FileInfo.swift; sourceTree = "<group>"; };
		C1995AE428F4932D0029BD6A /* StorageManager.swift */ = {isa = PBXFileReference; lastKnownFileType = sourcecode.swift; path = StorageManager.swift; sourceTree = "<group>"; };
		C1995AE628F499980029BD6A /* MapManagerLocation.swift */ = {isa = PBXFileReference; lastKnownFileType = sourcecode.swift; path = MapManagerLocation.swift; sourceTree = "<group>"; };
		C1995AEA28F50AEA0029BD6A /* MapSearchRoute.swift */ = {isa = PBXFileReference; lastKnownFileType = sourcecode.swift; path = MapSearchRoute.swift; sourceTree = "<group>"; };
		C1A6E86528FE21A3000E9FD4 /* DroppedPin.swift */ = {isa = PBXFileReference; lastKnownFileType = sourcecode.swift; path = DroppedPin.swift; sourceTree = "<group>"; };
		C1A6E86728FEE201000E9FD4 /* SettingPage.swift */ = {isa = PBXFileReference; lastKnownFileType = sourcecode.swift; path = SettingPage.swift; sourceTree = "<group>"; };
		C1D5AFD928F7140E00D2AA55 /* ContentTabView.swift */ = {isa = PBXFileReference; lastKnownFileType = sourcecode.swift; path = ContentTabView.swift; sourceTree = "<group>"; };
		C1D5AFDB28F7158000D2AA55 /* BuildingListView.swift */ = {isa = PBXFileReference; lastKnownFileType = sourcecode.swift; path = BuildingListView.swift; sourceTree = "<group>"; };
		C1D6204B28E75D1D0050F0B3 /* MapAnnotations.swift */ = {isa = PBXFileReference; lastKnownFileType = sourcecode.swift; path = MapAnnotations.swift; sourceTree = "<group>"; };
		C1E3FFAB28E75C450076D424 /* BuildingDetailView.swift */ = {isa = PBXFileReference; lastKnownFileType = sourcecode.swift; path = BuildingDetailView.swift; sourceTree = "<group>"; };
/* End PBXFileReference section */

/* Begin PBXFrameworksBuildPhase section */
		C1124B7128E39F7C007C25F7 /* Frameworks */ = {
			isa = PBXFrameworksBuildPhase;
			buildActionMask = 2147483647;
			files = (
			);
			runOnlyForDeploymentPostprocessing = 0;
		};
		C1124B8128E39F7D007C25F7 /* Frameworks */ = {
			isa = PBXFrameworksBuildPhase;
			buildActionMask = 2147483647;
			files = (
			);
			runOnlyForDeploymentPostprocessing = 0;
		};
		C1124B8B28E39F7D007C25F7 /* Frameworks */ = {
			isa = PBXFrameworksBuildPhase;
			buildActionMask = 2147483647;
			files = (
			);
			runOnlyForDeploymentPostprocessing = 0;
		};
/* End PBXFrameworksBuildPhase section */

/* Begin PBXGroup section */
		C1124B6B28E39F7C007C25F7 = {
			isa = PBXGroup;
			children = (
				C1124B7628E39F7C007C25F7 /* CampusMap */,
				C1124B8728E39F7D007C25F7 /* CampusMapTests */,
				C1124B9128E39F7D007C25F7 /* CampusMapUITests */,
				C1124B7528E39F7C007C25F7 /* Products */,
			);
			sourceTree = "<group>";
		};
		C1124B7528E39F7C007C25F7 /* Products */ = {
			isa = PBXGroup;
			children = (
				C1124B7428E39F7C007C25F7 /* CampusMap.app */,
				C1124B8428E39F7D007C25F7 /* CampusMapTests.xctest */,
				C1124B8E28E39F7D007C25F7 /* CampusMapUITests.xctest */,
			);
			name = Products;
			sourceTree = "<group>";
		};
		C1124B7628E39F7C007C25F7 /* CampusMap */ = {
			isa = PBXGroup;
			children = (
				C1995AE128F493000029BD6A /* Persistence */,
				C1124BA128E3A0F0007C25F7 /* Model */,
				C1124BA528E3A160007C25F7 /* View */,
				C1124BA428E3A152007C25F7 /* ViewModel */,
				C1124B7728E39F7C007C25F7 /* CampusMapApp.swift */,
				C1124B7B28E39F7D007C25F7 /* Assets.xcassets */,
				C1124B7D28E39F7D007C25F7 /* Preview Content */,
			);
			path = CampusMap;
			sourceTree = "<group>";
		};
		C1124B7D28E39F7D007C25F7 /* Preview Content */ = {
			isa = PBXGroup;
			children = (
				C1124B7E28E39F7D007C25F7 /* Preview Assets.xcassets */,
			);
			path = "Preview Content";
			sourceTree = "<group>";
		};
		C1124B8728E39F7D007C25F7 /* CampusMapTests */ = {
			isa = PBXGroup;
			children = (
				C1124B8828E39F7D007C25F7 /* CampusMapTests.swift */,
			);
			path = CampusMapTests;
			sourceTree = "<group>";
		};
		C1124B9128E39F7D007C25F7 /* CampusMapUITests */ = {
			isa = PBXGroup;
			children = (
				C1124B9228E39F7D007C25F7 /* CampusMapUITests.swift */,
				C1124B9428E39F7D007C25F7 /* CampusMapUITestsLaunchTests.swift */,
			);
			path = CampusMapUITests;
			sourceTree = "<group>";
		};
		C1124BA128E3A0F0007C25F7 /* Model */ = {
			isa = PBXGroup;
			children = (
				C1124BAA28E3A592007C25F7 /* Building.swift */,
				C1124BA228E3A101007C25F7 /* LocationModel.swift */,
				C1124BA628E3A1B0007C25F7 /* buildings.json */,
			);
			path = Model;
			sourceTree = "<group>";
		};
		C1124BA428E3A152007C25F7 /* ViewModel */ = {
			isa = PBXGroup;
			children = (
				C1124BB028E3A86A007C25F7 /* MapManager.swift */,
				C1995AE628F499980029BD6A /* MapManagerLocation.swift */,
				C1995AEA28F50AEA0029BD6A /* MapSearchRoute.swift */,
				C1A6E86528FE21A3000E9FD4 /* DroppedPin.swift */,
			);
			path = ViewModel;
			sourceTree = "<group>";
		};
		C1124BA528E3A160007C25F7 /* View */ = {
			isa = PBXGroup;
			children = (
				C188119628FE17D20056ACAD /* UIKit */,
				C1D5AFD928F7140E00D2AA55 /* ContentTabView.swift */,
				C1D5AFDB28F7158000D2AA55 /* BuildingListView.swift */,
				C1124BAC28E3A828007C25F7 /* CampusMapView.swift */,
				C1E3FFAB28E75C450076D424 /* BuildingDetailView.swift */,
				C1D6204B28E75D1D0050F0B3 /* MapAnnotations.swift */,
				C153A7AB28EC7FB300F23C1A /* Show_HideView.swift */,
				C1A6E86728FEE201000E9FD4 /* SettingPage.swift */,
			);
			path = View;
			sourceTree = "<group>";
		};
		C188119628FE17D20056ACAD /* UIKit */ = {
			isa = PBXGroup;
			children = (
				C188119728FE17FB0056ACAD /* UIMap.swift */,
				C188119928FE18580056ACAD /* MapCoordinator.swift */,
			);
			path = UIKit;
			sourceTree = "<group>";
		};
		C1995AE128F493000029BD6A /* Persistence */ = {
			isa = PBXGroup;
			children = (
				C1995AE228F493160029BD6A /* FileInfo.swift */,
				C1995AE428F4932D0029BD6A /* StorageManager.swift */,
			);
			path = Persistence;
			sourceTree = "<group>";
		};
/* End PBXGroup section */

/* Begin PBXNativeTarget section */
		C1124B7328E39F7C007C25F7 /* CampusMap */ = {
			isa = PBXNativeTarget;
			buildConfigurationList = C1124B9828E39F7D007C25F7 /* Build configuration list for PBXNativeTarget "CampusMap" */;
			buildPhases = (
				C1124B7028E39F7C007C25F7 /* Sources */,
				C1124B7128E39F7C007C25F7 /* Frameworks */,
				C1124B7228E39F7C007C25F7 /* Resources */,
			);
			buildRules = (
			);
			dependencies = (
			);
			name = CampusMap;
			productName = CampusMap;
			productReference = C1124B7428E39F7C007C25F7 /* CampusMap.app */;
			productType = "com.apple.product-type.application";
		};
		C1124B8328E39F7D007C25F7 /* CampusMapTests */ = {
			isa = PBXNativeTarget;
			buildConfigurationList = C1124B9B28E39F7D007C25F7 /* Build configuration list for PBXNativeTarget "CampusMapTests" */;
			buildPhases = (
				C1124B8028E39F7D007C25F7 /* Sources */,
				C1124B8128E39F7D007C25F7 /* Frameworks */,
				C1124B8228E39F7D007C25F7 /* Resources */,
			);
			buildRules = (
			);
			dependencies = (
				C1124B8628E39F7D007C25F7 /* PBXTargetDependency */,
			);
			name = CampusMapTests;
			productName = CampusMapTests;
			productReference = C1124B8428E39F7D007C25F7 /* CampusMapTests.xctest */;
			productType = "com.apple.product-type.bundle.unit-test";
		};
		C1124B8D28E39F7D007C25F7 /* CampusMapUITests */ = {
			isa = PBXNativeTarget;
			buildConfigurationList = C1124B9E28E39F7D007C25F7 /* Build configuration list for PBXNativeTarget "CampusMapUITests" */;
			buildPhases = (
				C1124B8A28E39F7D007C25F7 /* Sources */,
				C1124B8B28E39F7D007C25F7 /* Frameworks */,
				C1124B8C28E39F7D007C25F7 /* Resources */,
			);
			buildRules = (
			);
			dependencies = (
				C1124B9028E39F7D007C25F7 /* PBXTargetDependency */,
			);
			name = CampusMapUITests;
			productName = CampusMapUITests;
			productReference = C1124B8E28E39F7D007C25F7 /* CampusMapUITests.xctest */;
			productType = "com.apple.product-type.bundle.ui-testing";
		};
/* End PBXNativeTarget section */

/* Begin PBXProject section */
		C1124B6C28E39F7C007C25F7 /* Project object */ = {
			isa = PBXProject;
			attributes = {
				BuildIndependentTargetsInParallel = 1;
				LastSwiftUpdateCheck = 1340;
				LastUpgradeCheck = 1340;
				TargetAttributes = {
					C1124B7328E39F7C007C25F7 = {
						CreatedOnToolsVersion = 13.4.1;
					};
					C1124B8328E39F7D007C25F7 = {
						CreatedOnToolsVersion = 13.4.1;
						TestTargetID = C1124B7328E39F7C007C25F7;
					};
					C1124B8D28E39F7D007C25F7 = {
						CreatedOnToolsVersion = 13.4.1;
						TestTargetID = C1124B7328E39F7C007C25F7;
					};
				};
			};
			buildConfigurationList = C1124B6F28E39F7C007C25F7 /* Build configuration list for PBXProject "CampusMap" */;
			compatibilityVersion = "Xcode 13.0";
			developmentRegion = en;
			hasScannedForEncodings = 0;
			knownRegions = (
				en,
				Base,
			);
			mainGroup = C1124B6B28E39F7C007C25F7;
			productRefGroup = C1124B7528E39F7C007C25F7 /* Products */;
			projectDirPath = "";
			projectRoot = "";
			targets = (
				C1124B7328E39F7C007C25F7 /* CampusMap */,
				C1124B8328E39F7D007C25F7 /* CampusMapTests */,
				C1124B8D28E39F7D007C25F7 /* CampusMapUITests */,
			);
		};
/* End PBXProject section */

/* Begin PBXResourcesBuildPhase section */
		C1124B7228E39F7C007C25F7 /* Resources */ = {
			isa = PBXResourcesBuildPhase;
			buildActionMask = 2147483647;
			files = (
				C1124B7F28E39F7D007C25F7 /* Preview Assets.xcassets in Resources */,
				C1124BA728E3A1B0007C25F7 /* buildings.json in Resources */,
				C1124B7C28E39F7D007C25F7 /* Assets.xcassets in Resources */,
			);
			runOnlyForDeploymentPostprocessing = 0;
		};
		C1124B8228E39F7D007C25F7 /* Resources */ = {
			isa = PBXResourcesBuildPhase;
			buildActionMask = 2147483647;
			files = (
			);
			runOnlyForDeploymentPostprocessing = 0;
		};
		C1124B8C28E39F7D007C25F7 /* Resources */ = {
			isa = PBXResourcesBuildPhase;
			buildActionMask = 2147483647;
			files = (
			);
			runOnlyForDeploymentPostprocessing = 0;
		};
/* End PBXResourcesBuildPhase section */

/* Begin PBXSourcesBuildPhase section */
		C1124B7028E39F7C007C25F7 /* Sources */ = {
			isa = PBXSourcesBuildPhase;
			buildActionMask = 2147483647;
			files = (
				C1D5AFDA28F7140E00D2AA55 /* ContentTabView.swift in Sources */,
				C1124BA328E3A101007C25F7 /* LocationModel.swift in Sources */,
				C1995AE728F499980029BD6A /* MapManagerLocation.swift in Sources */,
				C1124BAD28E3A828007C25F7 /* CampusMapView.swift in Sources */,
				C1995AE528F4932D0029BD6A /* StorageManager.swift in Sources */,
				C1D5AFDC28F7158000D2AA55 /* BuildingListView.swift in Sources */,
				C1995AE328F493160029BD6A /* FileInfo.swift in Sources */,
				C1A6E86628FE21A3000E9FD4 /* DroppedPin.swift in Sources */,
				C1D6204C28E75D1D0050F0B3 /* MapAnnotations.swift in Sources */,
				C188119A28FE18580056ACAD /* MapCoordinator.swift in Sources */,
				C1A6E86828FEE201000E9FD4 /* SettingPage.swift in Sources */,
				C1124B7828E39F7C007C25F7 /* CampusMapApp.swift in Sources */,
				C1995AEB28F50AEA0029BD6A /* MapSearchRoute.swift in Sources */,
				C188119828FE17FB0056ACAD /* UIMap.swift in Sources */,
				C1E3FFAC28E75C450076D424 /* BuildingDetailView.swift in Sources */,
				C1124BB128E3A86A007C25F7 /* MapManager.swift in Sources */,
				C1124BAB28E3A592007C25F7 /* Building.swift in Sources */,
				C153A7AC28EC7FB300F23C1A /* Show_HideView.swift in Sources */,
			);
			runOnlyForDeploymentPostprocessing = 0;
		};
		C1124B8028E39F7D007C25F7 /* Sources */ = {
			isa = PBXSourcesBuildPhase;
			buildActionMask = 2147483647;
			files = (
				C1124B8928E39F7D007C25F7 /* CampusMapTests.swift in Sources */,
			);
			runOnlyForDeploymentPostprocessing = 0;
		};
		C1124B8A28E39F7D007C25F7 /* Sources */ = {
			isa = PBXSourcesBuildPhase;
			buildActionMask = 2147483647;
			files = (
				C1124B9528E39F7D007C25F7 /* CampusMapUITestsLaunchTests.swift in Sources */,
				C1124B9328E39F7D007C25F7 /* CampusMapUITests.swift in Sources */,
			);
			runOnlyForDeploymentPostprocessing = 0;
		};
/* End PBXSourcesBuildPhase section */

/* Begin PBXTargetDependency section */
		C1124B8628E39F7D007C25F7 /* PBXTargetDependency */ = {
			isa = PBXTargetDependency;
			target = C1124B7328E39F7C007C25F7 /* CampusMap */;
			targetProxy = C1124B8528E39F7D007C25F7 /* PBXContainerItemProxy */;
		};
		C1124B9028E39F7D007C25F7 /* PBXTargetDependency */ = {
			isa = PBXTargetDependency;
			target = C1124B7328E39F7C007C25F7 /* CampusMap */;
			targetProxy = C1124B8F28E39F7D007C25F7 /* PBXContainerItemProxy */;
		};
/* End PBXTargetDependency section */

/* Begin XCBuildConfiguration section */
		C1124B9628E39F7D007C25F7 /* Debug */ = {
			isa = XCBuildConfiguration;
			buildSettings = {
				ALWAYS_SEARCH_USER_PATHS = NO;
				CLANG_ANALYZER_NONNULL = YES;
				CLANG_ANALYZER_NUMBER_OBJECT_CONVERSION = YES_AGGRESSIVE;
				CLANG_CXX_LANGUAGE_STANDARD = "gnu++17";
				CLANG_ENABLE_MODULES = YES;
				CLANG_ENABLE_OBJC_ARC = YES;
				CLANG_ENABLE_OBJC_WEAK = YES;
				CLANG_WARN_BLOCK_CAPTURE_AUTORELEASING = YES;
				CLANG_WARN_BOOL_CONVERSION = YES;
				CLANG_WARN_COMMA = YES;
				CLANG_WARN_CONSTANT_CONVERSION = YES;
				CLANG_WARN_DEPRECATED_OBJC_IMPLEMENTATIONS = YES;
				CLANG_WARN_DIRECT_OBJC_ISA_USAGE = YES_ERROR;
				CLANG_WARN_DOCUMENTATION_COMMENTS = YES;
				CLANG_WARN_EMPTY_BODY = YES;
				CLANG_WARN_ENUM_CONVERSION = YES;
				CLANG_WARN_INFINITE_RECURSION = YES;
				CLANG_WARN_INT_CONVERSION = YES;
				CLANG_WARN_NON_LITERAL_NULL_CONVERSION = YES;
				CLANG_WARN_OBJC_IMPLICIT_RETAIN_SELF = YES;
				CLANG_WARN_OBJC_LITERAL_CONVERSION = YES;
				CLANG_WARN_OBJC_ROOT_CLASS = YES_ERROR;
				CLANG_WARN_QUOTED_INCLUDE_IN_FRAMEWORK_HEADER = YES;
				CLANG_WARN_RANGE_LOOP_ANALYSIS = YES;
				CLANG_WARN_STRICT_PROTOTYPES = YES;
				CLANG_WARN_SUSPICIOUS_MOVE = YES;
				CLANG_WARN_UNGUARDED_AVAILABILITY = YES_AGGRESSIVE;
				CLANG_WARN_UNREACHABLE_CODE = YES;
				CLANG_WARN__DUPLICATE_METHOD_MATCH = YES;
				COPY_PHASE_STRIP = NO;
				DEBUG_INFORMATION_FORMAT = dwarf;
				ENABLE_STRICT_OBJC_MSGSEND = YES;
				ENABLE_TESTABILITY = YES;
				GCC_C_LANGUAGE_STANDARD = gnu11;
				GCC_DYNAMIC_NO_PIC = NO;
				GCC_NO_COMMON_BLOCKS = YES;
				GCC_OPTIMIZATION_LEVEL = 0;
				GCC_PREPROCESSOR_DEFINITIONS = (
					"DEBUG=1",
					"$(inherited)",
				);
				GCC_WARN_64_TO_32_BIT_CONVERSION = YES;
				GCC_WARN_ABOUT_RETURN_TYPE = YES_ERROR;
				GCC_WARN_UNDECLARED_SELECTOR = YES;
				GCC_WARN_UNINITIALIZED_AUTOS = YES_AGGRESSIVE;
				GCC_WARN_UNUSED_FUNCTION = YES;
				GCC_WARN_UNUSED_VARIABLE = YES;
				IPHONEOS_DEPLOYMENT_TARGET = 16.0;
				MTL_ENABLE_DEBUG_INFO = INCLUDE_SOURCE;
				MTL_FAST_MATH = YES;
				ONLY_ACTIVE_ARCH = YES;
				SDKROOT = iphoneos;
				SWIFT_ACTIVE_COMPILATION_CONDITIONS = DEBUG;
				SWIFT_OPTIMIZATION_LEVEL = "-Onone";
			};
			name = Debug;
		};
		C1124B9728E39F7D007C25F7 /* Release */ = {
			isa = XCBuildConfiguration;
			buildSettings = {
				ALWAYS_SEARCH_USER_PATHS = NO;
				CLANG_ANALYZER_NONNULL = YES;
				CLANG_ANALYZER_NUMBER_OBJECT_CONVERSION = YES_AGGRESSIVE;
				CLANG_CXX_LANGUAGE_STANDARD = "gnu++17";
				CLANG_ENABLE_MODULES = YES;
				CLANG_ENABLE_OBJC_ARC = YES;
				CLANG_ENABLE_OBJC_WEAK = YES;
				CLANG_WARN_BLOCK_CAPTURE_AUTORELEASING = YES;
				CLANG_WARN_BOOL_CONVERSION = YES;
				CLANG_WARN_COMMA = YES;
				CLANG_WARN_CONSTANT_CONVERSION = YES;
				CLANG_WARN_DEPRECATED_OBJC_IMPLEMENTATIONS = YES;
				CLANG_WARN_DIRECT_OBJC_ISA_USAGE = YES_ERROR;
				CLANG_WARN_DOCUMENTATION_COMMENTS = YES;
				CLANG_WARN_EMPTY_BODY = YES;
				CLANG_WARN_ENUM_CONVERSION = YES;
				CLANG_WARN_INFINITE_RECURSION = YES;
				CLANG_WARN_INT_CONVERSION = YES;
				CLANG_WARN_NON_LITERAL_NULL_CONVERSION = YES;
				CLANG_WARN_OBJC_IMPLICIT_RETAIN_SELF = YES;
				CLANG_WARN_OBJC_LITERAL_CONVERSION = YES;
				CLANG_WARN_OBJC_ROOT_CLASS = YES_ERROR;
				CLANG_WARN_QUOTED_INCLUDE_IN_FRAMEWORK_HEADER = YES;
				CLANG_WARN_RANGE_LOOP_ANALYSIS = YES;
				CLANG_WARN_STRICT_PROTOTYPES = YES;
				CLANG_WARN_SUSPICIOUS_MOVE = YES;
				CLANG_WARN_UNGUARDED_AVAILABILITY = YES_AGGRESSIVE;
				CLANG_WARN_UNREACHABLE_CODE = YES;
				CLANG_WARN__DUPLICATE_METHOD_MATCH = YES;
				COPY_PHASE_STRIP = NO;
				DEBUG_INFORMATION_FORMAT = "dwarf-with-dsym";
				ENABLE_NS_ASSERTIONS = NO;
				ENABLE_STRICT_OBJC_MSGSEND = YES;
				GCC_C_LANGUAGE_STANDARD = gnu11;
				GCC_NO_COMMON_BLOCKS = YES;
				GCC_WARN_64_TO_32_BIT_CONVERSION = YES;
				GCC_WARN_ABOUT_RETURN_TYPE = YES_ERROR;
				GCC_WARN_UNDECLARED_SELECTOR = YES;
				GCC_WARN_UNINITIALIZED_AUTOS = YES_AGGRESSIVE;
				GCC_WARN_UNUSED_FUNCTION = YES;
				GCC_WARN_UNUSED_VARIABLE = YES;
				IPHONEOS_DEPLOYMENT_TARGET = 16.0;
				MTL_ENABLE_DEBUG_INFO = NO;
				MTL_FAST_MATH = YES;
				SDKROOT = iphoneos;
				SWIFT_COMPILATION_MODE = wholemodule;
				SWIFT_OPTIMIZATION_LEVEL = "-O";
				VALIDATE_PRODUCT = YES;
			};
			name = Release;
		};
		C1124B9928E39F7D007C25F7 /* Debug */ = {
			isa = XCBuildConfiguration;
			buildSettings = {
				ASSETCATALOG_COMPILER_APPICON_NAME = AppIcon;
				ASSETCATALOG_COMPILER_GLOBAL_ACCENT_COLOR_NAME = AccentColor;
				CODE_SIGN_STYLE = Automatic;
				CURRENT_PROJECT_VERSION = 1;
				DEVELOPMENT_ASSET_PATHS = "\"CampusMap/Preview Content\"";
				DEVELOPMENT_TEAM = L66MHS2HQ7;
				ENABLE_PREVIEWS = YES;
				GENERATE_INFOPLIST_FILE = YES;
				INFOPLIST_KEY_NSLocationWhenInUseUsageDescription = "Access user current location to better provide direction for requested route";
				INFOPLIST_KEY_UIApplicationSceneManifest_Generation = YES;
				INFOPLIST_KEY_UIApplicationSupportsIndirectInputEvents = YES;
				INFOPLIST_KEY_UILaunchScreen_Generation = YES;
				INFOPLIST_KEY_UISupportedInterfaceOrientations_iPad = "UIInterfaceOrientationPortrait UIInterfaceOrientationPortraitUpsideDown UIInterfaceOrientationLandscapeLeft UIInterfaceOrientationLandscapeRight";
				INFOPLIST_KEY_UISupportedInterfaceOrientations_iPhone = "UIInterfaceOrientationPortrait UIInterfaceOrientationLandscapeLeft UIInterfaceOrientationLandscapeRight";
				IPHONEOS_DEPLOYMENT_TARGET = 16.0;
				LD_RUNPATH_SEARCH_PATHS = (
					"$(inherited)",
					"@executable_path/Frameworks",
				);
				MARKETING_VERSION = 1.0;
				PRODUCT_BUNDLE_IDENTIFIER = edu.psu.wpw5138.CampusMap;
				PRODUCT_NAME = "$(TARGET_NAME)";
				SWIFT_EMIT_LOC_STRINGS = YES;
				SWIFT_VERSION = 5.0;
				TARGETED_DEVICE_FAMILY = "1,2";
			};
			name = Debug;
		};
		C1124B9A28E39F7D007C25F7 /* Release */ = {
			isa = XCBuildConfiguration;
			buildSettings = {
				ASSETCATALOG_COMPILER_APPICON_NAME = AppIcon;
				ASSETCATALOG_COMPILER_GLOBAL_ACCENT_COLOR_NAME = AccentColor;
				CODE_SIGN_STYLE = Automatic;
				CURRENT_PROJECT_VERSION = 1;
				DEVELOPMENT_ASSET_PATHS = "\"CampusMap/Preview Content\"";
				DEVELOPMENT_TEAM = L66MHS2HQ7;
				ENABLE_PREVIEWS = YES;
				GENERATE_INFOPLIST_FILE = YES;
				INFOPLIST_KEY_NSLocationWhenInUseUsageDescription = "Access user current location to better provide direction for requested route";
				INFOPLIST_KEY_UIApplicationSceneManifest_Generation = YES;
				INFOPLIST_KEY_UIApplicationSupportsIndirectInputEvents = YES;
				INFOPLIST_KEY_UILaunchScreen_Generation = YES;
				INFOPLIST_KEY_UISupportedInterfaceOrientations_iPad = "UIInterfaceOrientationPortrait UIInterfaceOrientationPortraitUpsideDown UIInterfaceOrientationLandscapeLeft UIInterfaceOrientationLandscapeRight";
				INFOPLIST_KEY_UISupportedInterfaceOrientations_iPhone = "UIInterfaceOrientationPortrait UIInterfaceOrientationLandscapeLeft UIInterfaceOrientationLandscapeRight";
				IPHONEOS_DEPLOYMENT_TARGET = 16.0;
				LD_RUNPATH_SEARCH_PATHS = (
					"$(inherited)",
					"@executable_path/Frameworks",
				);
				MARKETING_VERSION = 1.0;
				PRODUCT_BUNDLE_IDENTIFIER = edu.psu.wpw5138.CampusMap;
				PRODUCT_NAME = "$(TARGET_NAME)";
				SWIFT_EMIT_LOC_STRINGS = YES;
				SWIFT_VERSION = 5.0;
				TARGETED_DEVICE_FAMILY = "1,2";
			};
			name = Release;
		};
		C1124B9C28E39F7D007C25F7 /* Debug */ = {
			isa = XCBuildConfiguration;
			buildSettings = {
				ALWAYS_EMBED_SWIFT_STANDARD_LIBRARIES = YES;
				BUNDLE_LOADER = "$(TEST_HOST)";
				CODE_SIGN_STYLE = Automatic;
				CURRENT_PROJECT_VERSION = 1;
				DEVELOPMENT_TEAM = L66MHS2HQ7;
				GENERATE_INFOPLIST_FILE = YES;
				IPHONEOS_DEPLOYMENT_TARGET = 16.0;
				MARKETING_VERSION = 1.0;
				PRODUCT_BUNDLE_IDENTIFIER = edu.psu.wpw5138.CampusMapTests;
				PRODUCT_NAME = "$(TARGET_NAME)";
				SWIFT_EMIT_LOC_STRINGS = NO;
				SWIFT_VERSION = 5.0;
				TARGETED_DEVICE_FAMILY = "1,2";
				TEST_HOST = "$(BUILT_PRODUCTS_DIR)/CampusMap.app/CampusMap";
			};
			name = Debug;
		};
		C1124B9D28E39F7D007C25F7 /* Release */ = {
			isa = XCBuildConfiguration;
			buildSettings = {
				ALWAYS_EMBED_SWIFT_STANDARD_LIBRARIES = YES;
				BUNDLE_LOADER = "$(TEST_HOST)";
				CODE_SIGN_STYLE = Automatic;
				CURRENT_PROJECT_VERSION = 1;
				DEVELOPMENT_TEAM = L66MHS2HQ7;
				GENERATE_INFOPLIST_FILE = YES;
				IPHONEOS_DEPLOYMENT_TARGET = 16.0;
				MARKETING_VERSION = 1.0;
				PRODUCT_BUNDLE_IDENTIFIER = edu.psu.wpw5138.CampusMapTests;
				PRODUCT_NAME = "$(TARGET_NAME)";
				SWIFT_EMIT_LOC_STRINGS = NO;
				SWIFT_VERSION = 5.0;
				TARGETED_DEVICE_FAMILY = "1,2";
				TEST_HOST = "$(BUILT_PRODUCTS_DIR)/CampusMap.app/CampusMap";
			};
			name = Release;
		};
		C1124B9F28E39F7D007C25F7 /* Debug */ = {
			isa = XCBuildConfiguration;
			buildSettings = {
				ALWAYS_EMBED_SWIFT_STANDARD_LIBRARIES = YES;
				CODE_SIGN_STYLE = Automatic;
				CURRENT_PROJECT_VERSION = 1;
				DEVELOPMENT_TEAM = L66MHS2HQ7;
				GENERATE_INFOPLIST_FILE = YES;
				IPHONEOS_DEPLOYMENT_TARGET = 16.0;
				MARKETING_VERSION = 1.0;
				PRODUCT_BUNDLE_IDENTIFIER = edu.psu.wpw5138.CampusMapUITests;
				PRODUCT_NAME = "$(TARGET_NAME)";
				SWIFT_EMIT_LOC_STRINGS = NO;
				SWIFT_VERSION = 5.0;
				TARGETED_DEVICE_FAMILY = "1,2";
				TEST_TARGET_NAME = CampusMap;
			};
			name = Debug;
		};
		C1124BA028E39F7D007C25F7 /* Release */ = {
			isa = XCBuildConfiguration;
			buildSettings = {
				ALWAYS_EMBED_SWIFT_STANDARD_LIBRARIES = YES;
				CODE_SIGN_STYLE = Automatic;
				CURRENT_PROJECT_VERSION = 1;
				DEVELOPMENT_TEAM = L66MHS2HQ7;
				GENERATE_INFOPLIST_FILE = YES;
				IPHONEOS_DEPLOYMENT_TARGET = 16.0;
				MARKETING_VERSION = 1.0;
				PRODUCT_BUNDLE_IDENTIFIER = edu.psu.wpw5138.CampusMapUITests;
				PRODUCT_NAME = "$(TARGET_NAME)";
				SWIFT_EMIT_LOC_STRINGS = NO;
				SWIFT_VERSION = 5.0;
				TARGETED_DEVICE_FAMILY = "1,2";
				TEST_TARGET_NAME = CampusMap;
			};
			name = Release;
		};
/* End XCBuildConfiguration section */

/* Begin XCConfigurationList section */
		C1124B6F28E39F7C007C25F7 /* Build configuration list for PBXProject "CampusMap" */ = {
			isa = XCConfigurationList;
			buildConfigurations = (
				C1124B9628E39F7D007C25F7 /* Debug */,
				C1124B9728E39F7D007C25F7 /* Release */,
			);
			defaultConfigurationIsVisible = 0;
			defaultConfigurationName = Release;
		};
		C1124B9828E39F7D007C25F7 /* Build configuration list for PBXNativeTarget "CampusMap" */ = {
			isa = XCConfigurationList;
			buildConfigurations = (
				C1124B9928E39F7D007C25F7 /* Debug */,
				C1124B9A28E39F7D007C25F7 /* Release */,
			);
			defaultConfigurationIsVisible = 0;
			defaultConfigurationName = Release;
		};
		C1124B9B28E39F7D007C25F7 /* Build configuration list for PBXNativeTarget "CampusMapTests" */ = {
			isa = XCConfigurationList;
			buildConfigurations = (
				C1124B9C28E39F7D007C25F7 /* Debug */,
				C1124B9D28E39F7D007C25F7 /* Release */,
			);
			defaultConfigurationIsVisible = 0;
			defaultConfigurationName = Release;
		};
		C1124B9E28E39F7D007C25F7 /* Build configuration list for PBXNativeTarget "CampusMapUITests" */ = {
			isa = XCConfigurationList;
			buildConfigurations = (
				C1124B9F28E39F7D007C25F7 /* Debug */,
				C1124BA028E39F7D007C25F7 /* Release */,
			);
			defaultConfigurationIsVisible = 0;
			defaultConfigurationName = Release;
		};
/* End XCConfigurationList section */
	};
	rootObject = C1124B6C28E39F7C007C25F7 /* Project object */;
}
