// !$*UTF8*$!
{
	archiveVersion = 1;
	classes = {
	};
	objectVersion = 55;
	objects = {

/* Begin PBXBuildFile section */
		C10175D728B087E100003DBB /* WhatflowApp.swift in Sources */ = {isa = PBXBuildFile; fileRef = C10175D628B087E100003DBB /* WhatflowApp.swift */; };
		C10175D928B087E100003DBB /* ContentView.swift in Sources */ = {isa = PBXBuildFile; fileRef = C10175D828B087E100003DBB /* ContentView.swift */; };
		C10175DB28B087E300003DBB /* Assets.xcassets in Resources */ = {isa = PBXBuildFile; fileRef = C10175DA28B087E300003DBB /* Assets.xcassets */; };
		C10175DE28B087E300003DBB /* Preview Assets.xcassets in Resources */ = {isa = PBXBuildFile; fileRef = C10175DD28B087E300003DBB /* Preview Assets.xcassets */; };
		C10175E828B087E300003DBB /* WhatflowTests.swift in Sources */ = {isa = PBXBuildFile; fileRef = C10175E728B087E300003DBB /* WhatflowTests.swift */; };
		C10175F228B087E300003DBB /* WhatflowUITests.swift in Sources */ = {isa = PBXBuildFile; fileRef = C10175F128B087E300003DBB /* WhatflowUITests.swift */; };
		C10175F428B087E300003DBB /* WhatflowUITestsLaunchTests.swift in Sources */ = {isa = PBXBuildFile; fileRef = C10175F328B087E300003DBB /* WhatflowUITestsLaunchTests.swift */; };
/* End PBXBuildFile section */

/* Begin PBXContainerItemProxy section */
		C10175E428B087E300003DBB /* PBXContainerItemProxy */ = {
			isa = PBXContainerItemProxy;
			containerPortal = C10175CB28B087E100003DBB /* Project object */;
			proxyType = 1;
			remoteGlobalIDString = C10175D228B087E100003DBB;
			remoteInfo = Whatflow;
		};
		C10175EE28B087E300003DBB /* PBXContainerItemProxy */ = {
			isa = PBXContainerItemProxy;
			containerPortal = C10175CB28B087E100003DBB /* Project object */;
			proxyType = 1;
			remoteGlobalIDString = C10175D228B087E100003DBB;
			remoteInfo = Whatflow;
		};
/* End PBXContainerItemProxy section */

/* Begin PBXFileReference section */
		C10175D328B087E100003DBB /* Whatflow.app */ = {isa = PBXFileReference; explicitFileType = wrapper.application; includeInIndex = 0; path = Whatflow.app; sourceTree = BUILT_PRODUCTS_DIR; };
		C10175D628B087E100003DBB /* WhatflowApp.swift */ = {isa = PBXFileReference; lastKnownFileType = sourcecode.swift; path = WhatflowApp.swift; sourceTree = "<group>"; };
		C10175D828B087E100003DBB /* ContentView.swift */ = {isa = PBXFileReference; lastKnownFileType = sourcecode.swift; path = ContentView.swift; sourceTree = "<group>"; };
		C10175DA28B087E300003DBB /* Assets.xcassets */ = {isa = PBXFileReference; lastKnownFileType = folder.assetcatalog; path = Assets.xcassets; sourceTree = "<group>"; };
		C10175DD28B087E300003DBB /* Preview Assets.xcassets */ = {isa = PBXFileReference; lastKnownFileType = folder.assetcatalog; path = "Preview Assets.xcassets"; sourceTree = "<group>"; };
		C10175E328B087E300003DBB /* WhatflowTests.xctest */ = {isa = PBXFileReference; explicitFileType = wrapper.cfbundle; includeInIndex = 0; path = WhatflowTests.xctest; sourceTree = BUILT_PRODUCTS_DIR; };
		C10175E728B087E300003DBB /* WhatflowTests.swift */ = {isa = PBXFileReference; lastKnownFileType = sourcecode.swift; path = WhatflowTests.swift; sourceTree = "<group>"; };
		C10175ED28B087E300003DBB /* WhatflowUITests.xctest */ = {isa = PBXFileReference; explicitFileType = wrapper.cfbundle; includeInIndex = 0; path = WhatflowUITests.xctest; sourceTree = BUILT_PRODUCTS_DIR; };
		C10175F128B087E300003DBB /* WhatflowUITests.swift */ = {isa = PBXFileReference; lastKnownFileType = sourcecode.swift; path = WhatflowUITests.swift; sourceTree = "<group>"; };
		C10175F328B087E300003DBB /* WhatflowUITestsLaunchTests.swift */ = {isa = PBXFileReference; lastKnownFileType = sourcecode.swift; path = WhatflowUITestsLaunchTests.swift; sourceTree = "<group>"; };
/* End PBXFileReference section */

/* Begin PBXFrameworksBuildPhase section */
		C10175D028B087E100003DBB /* Frameworks */ = {
			isa = PBXFrameworksBuildPhase;
			buildActionMask = 2147483647;
			files = (
			);
			runOnlyForDeploymentPostprocessing = 0;
		};
		C10175E028B087E300003DBB /* Frameworks */ = {
			isa = PBXFrameworksBuildPhase;
			buildActionMask = 2147483647;
			files = (
			);
			runOnlyForDeploymentPostprocessing = 0;
		};
		C10175EA28B087E300003DBB /* Frameworks */ = {
			isa = PBXFrameworksBuildPhase;
			buildActionMask = 2147483647;
			files = (
			);
			runOnlyForDeploymentPostprocessing = 0;
		};
/* End PBXFrameworksBuildPhase section */

/* Begin PBXGroup section */
		C10175CA28B087E100003DBB = {
			isa = PBXGroup;
			children = (
				C10175D528B087E100003DBB /* Whatflow */,
				C10175E628B087E300003DBB /* WhatflowTests */,
				C10175F028B087E300003DBB /* WhatflowUITests */,
				C10175D428B087E100003DBB /* Products */,
			);
			sourceTree = "<group>";
			wrapsLines = 1;
		};
		C10175D428B087E100003DBB /* Products */ = {
			isa = PBXGroup;
			children = (
				C10175D328B087E100003DBB /* Whatflow.app */,
				C10175E328B087E300003DBB /* WhatflowTests.xctest */,
				C10175ED28B087E300003DBB /* WhatflowUITests.xctest */,
			);
			name = Products;
			sourceTree = "<group>";
		};
		C10175D528B087E100003DBB /* Whatflow */ = {
			isa = PBXGroup;
			children = (
				C10175D628B087E100003DBB /* WhatflowApp.swift */,
				C10175D828B087E100003DBB /* ContentView.swift */,
				C10175DA28B087E300003DBB /* Assets.xcassets */,
				C10175DC28B087E300003DBB /* Preview Content */,
			);
			path = Whatflow;
			sourceTree = "<group>";
		};
		C10175DC28B087E300003DBB /* Preview Content */ = {
			isa = PBXGroup;
			children = (
				C10175DD28B087E300003DBB /* Preview Assets.xcassets */,
			);
			path = "Preview Content";
			sourceTree = "<group>";
		};
		C10175E628B087E300003DBB /* WhatflowTests */ = {
			isa = PBXGroup;
			children = (
				C10175E728B087E300003DBB /* WhatflowTests.swift */,
			);
			path = WhatflowTests;
			sourceTree = "<group>";
		};
		C10175F028B087E300003DBB /* WhatflowUITests */ = {
			isa = PBXGroup;
			children = (
				C10175F128B087E300003DBB /* WhatflowUITests.swift */,
				C10175F328B087E300003DBB /* WhatflowUITestsLaunchTests.swift */,
			);
			path = WhatflowUITests;
			sourceTree = "<group>";
		};
/* End PBXGroup section */

/* Begin PBXNativeTarget section */
		C10175D228B087E100003DBB /* Whatflow */ = {
			isa = PBXNativeTarget;
			buildConfigurationList = C10175F728B087E300003DBB /* Build configuration list for PBXNativeTarget "Whatflow" */;
			buildPhases = (
				C10175CF28B087E100003DBB /* Sources */,
				C10175D028B087E100003DBB /* Frameworks */,
				C10175D128B087E100003DBB /* Resources */,
			);
			buildRules = (
			);
			dependencies = (
			);
			name = Whatflow;
			productName = Whatflow;
			productReference = C10175D328B087E100003DBB /* Whatflow.app */;
			productType = "com.apple.product-type.application";
		};
		C10175E228B087E300003DBB /* WhatflowTests */ = {
			isa = PBXNativeTarget;
			buildConfigurationList = C10175FA28B087E300003DBB /* Build configuration list for PBXNativeTarget "WhatflowTests" */;
			buildPhases = (
				C10175DF28B087E300003DBB /* Sources */,
				C10175E028B087E300003DBB /* Frameworks */,
				C10175E128B087E300003DBB /* Resources */,
			);
			buildRules = (
			);
			dependencies = (
				C10175E528B087E300003DBB /* PBXTargetDependency */,
			);
			name = WhatflowTests;
			productName = WhatflowTests;
			productReference = C10175E328B087E300003DBB /* WhatflowTests.xctest */;
			productType = "com.apple.product-type.bundle.unit-test";
		};
		C10175EC28B087E300003DBB /* WhatflowUITests */ = {
			isa = PBXNativeTarget;
			buildConfigurationList = C10175FD28B087E300003DBB /* Build configuration list for PBXNativeTarget "WhatflowUITests" */;
			buildPhases = (
				C10175E928B087E300003DBB /* Sources */,
				C10175EA28B087E300003DBB /* Frameworks */,
				C10175EB28B087E300003DBB /* Resources */,
			);
			buildRules = (
			);
			dependencies = (
				C10175EF28B087E300003DBB /* PBXTargetDependency */,
			);
			name = WhatflowUITests;
			productName = WhatflowUITests;
			productReference = C10175ED28B087E300003DBB /* WhatflowUITests.xctest */;
			productType = "com.apple.product-type.bundle.ui-testing";
		};
/* End PBXNativeTarget section */

/* Begin PBXProject section */
		C10175CB28B087E100003DBB /* Project object */ = {
			isa = PBXProject;
			attributes = {
				BuildIndependentTargetsInParallel = 1;
				LastSwiftUpdateCheck = 1340;
				LastUpgradeCheck = 1340;
				TargetAttributes = {
					C10175D228B087E100003DBB = {
						CreatedOnToolsVersion = 13.4.1;
					};
					C10175E228B087E300003DBB = {
						CreatedOnToolsVersion = 13.4.1;
						TestTargetID = C10175D228B087E100003DBB;
					};
					C10175EC28B087E300003DBB = {
						CreatedOnToolsVersion = 13.4.1;
						TestTargetID = C10175D228B087E100003DBB;
					};
				};
			};
			buildConfigurationList = C10175CE28B087E100003DBB /* Build configuration list for PBXProject "Whatflow" */;
			compatibilityVersion = "Xcode 13.0";
			developmentRegion = en;
			hasScannedForEncodings = 0;
			knownRegions = (
				en,
				Base,
			);
			mainGroup = C10175CA28B087E100003DBB;
			productRefGroup = C10175D428B087E100003DBB /* Products */;
			projectDirPath = "";
			projectRoot = "";
			targets = (
				C10175D228B087E100003DBB /* Whatflow */,
				C10175E228B087E300003DBB /* WhatflowTests */,
				C10175EC28B087E300003DBB /* WhatflowUITests */,
			);
		};
/* End PBXProject section */

/* Begin PBXResourcesBuildPhase section */
		C10175D128B087E100003DBB /* Resources */ = {
			isa = PBXResourcesBuildPhase;
			buildActionMask = 2147483647;
			files = (
				C10175DE28B087E300003DBB /* Preview Assets.xcassets in Resources */,
				C10175DB28B087E300003DBB /* Assets.xcassets in Resources */,
			);
			runOnlyForDeploymentPostprocessing = 0;
		};
		C10175E128B087E300003DBB /* Resources */ = {
			isa = PBXResourcesBuildPhase;
			buildActionMask = 2147483647;
			files = (
			);
			runOnlyForDeploymentPostprocessing = 0;
		};
		C10175EB28B087E300003DBB /* Resources */ = {
			isa = PBXResourcesBuildPhase;
			buildActionMask = 2147483647;
			files = (
			);
			runOnlyForDeploymentPostprocessing = 0;
		};
/* End PBXResourcesBuildPhase section */

/* Begin PBXSourcesBuildPhase section */
		C10175CF28B087E100003DBB /* Sources */ = {
			isa = PBXSourcesBuildPhase;
			buildActionMask = 2147483647;
			files = (
				C10175D928B087E100003DBB /* ContentView.swift in Sources */,
				C10175D728B087E100003DBB /* WhatflowApp.swift in Sources */,
			);
			runOnlyForDeploymentPostprocessing = 0;
		};
		C10175DF28B087E300003DBB /* Sources */ = {
			isa = PBXSourcesBuildPhase;
			buildActionMask = 2147483647;
			files = (
				C10175E828B087E300003DBB /* WhatflowTests.swift in Sources */,
			);
			runOnlyForDeploymentPostprocessing = 0;
		};
		C10175E928B087E300003DBB /* Sources */ = {
			isa = PBXSourcesBuildPhase;
			buildActionMask = 2147483647;
			files = (
				C10175F428B087E300003DBB /* WhatflowUITestsLaunchTests.swift in Sources */,
				C10175F228B087E300003DBB /* WhatflowUITests.swift in Sources */,
			);
			runOnlyForDeploymentPostprocessing = 0;
		};
/* End PBXSourcesBuildPhase section */

/* Begin PBXTargetDependency section */
		C10175E528B087E300003DBB /* PBXTargetDependency */ = {
			isa = PBXTargetDependency;
			target = C10175D228B087E100003DBB /* Whatflow */;
			targetProxy = C10175E428B087E300003DBB /* PBXContainerItemProxy */;
		};
		C10175EF28B087E300003DBB /* PBXTargetDependency */ = {
			isa = PBXTargetDependency;
			target = C10175D228B087E100003DBB /* Whatflow */;
			targetProxy = C10175EE28B087E300003DBB /* PBXContainerItemProxy */;
		};
/* End PBXTargetDependency section */

/* Begin XCBuildConfiguration section */
		C10175F528B087E300003DBB /* Debug */ = {
			isa = XCBuildConfiguration;
			buildSettings = {
				ALWAYS_SEARCH_USER_PATHS = NO;
				CLANG_ANALYZER_NONNULL = YES;
				CLANG_ANALYZER_NUMBER_OBJECT_CONVERSION = YES_AGGRESSIVE;
				CLANG_CXX_LANGUAGE_STANDARD = "gnu++17";
				CLANG_ENABLE_MODULES = YES;
				CLANG_ENABLE_OBJC_ARC = YES;
				CLANG_ENABLE_OBJC_WEAK = YES;
				CLANG_WARN_BLOCK_CAPTURE_AUTORELEASING = YES;
				CLANG_WARN_BOOL_CONVERSION = YES;
				CLANG_WARN_COMMA = YES;
				CLANG_WARN_CONSTANT_CONVERSION = YES;
				CLANG_WARN_DEPRECATED_OBJC_IMPLEMENTATIONS = YES;
				CLANG_WARN_DIRECT_OBJC_ISA_USAGE = YES_ERROR;
				CLANG_WARN_DOCUMENTATION_COMMENTS = YES;
				CLANG_WARN_EMPTY_BODY = YES;
				CLANG_WARN_ENUM_CONVERSION = YES;
				CLANG_WARN_INFINITE_RECURSION = YES;
				CLANG_WARN_INT_CONVERSION = YES;
				CLANG_WARN_NON_LITERAL_NULL_CONVERSION = YES;
				CLANG_WARN_OBJC_IMPLICIT_RETAIN_SELF = YES;
				CLANG_WARN_OBJC_LITERAL_CONVERSION = YES;
				CLANG_WARN_OBJC_ROOT_CLASS = YES_ERROR;
				CLANG_WARN_QUOTED_INCLUDE_IN_FRAMEWORK_HEADER = YES;
				CLANG_WARN_RANGE_LOOP_ANALYSIS = YES;
				CLANG_WARN_STRICT_PROTOTYPES = YES;
				CLANG_WARN_SUSPICIOUS_MOVE = YES;
				CLANG_WARN_UNGUARDED_AVAILABILITY = YES_AGGRESSIVE;
				CLANG_WARN_UNREACHABLE_CODE = YES;
				CLANG_WARN__DUPLICATE_METHOD_MATCH = YES;
				COPY_PHASE_STRIP = NO;
				DEBUG_INFORMATION_FORMAT = dwarf;
				ENABLE_STRICT_OBJC_MSGSEND = YES;
				ENABLE_TESTABILITY = YES;
				GCC_C_LANGUAGE_STANDARD = gnu11;
				GCC_DYNAMIC_NO_PIC = NO;
				GCC_NO_COMMON_BLOCKS = YES;
				GCC_OPTIMIZATION_LEVEL = 0;
				GCC_PREPROCESSOR_DEFINITIONS = (
					"DEBUG=1",
					"$(inherited)",
				);
				GCC_WARN_64_TO_32_BIT_CONVERSION = YES;
				GCC_WARN_ABOUT_RETURN_TYPE = YES_ERROR;
				GCC_WARN_UNDECLARED_SELECTOR = YES;
				GCC_WARN_UNINITIALIZED_AUTOS = YES_AGGRESSIVE;
				GCC_WARN_UNUSED_FUNCTION = YES;
				GCC_WARN_UNUSED_VARIABLE = YES;
				IPHONEOS_DEPLOYMENT_TARGET = 15.5;
				MTL_ENABLE_DEBUG_INFO = INCLUDE_SOURCE;
				MTL_FAST_MATH = YES;
				ONLY_ACTIVE_ARCH = YES;
				SDKROOT = iphoneos;
				SWIFT_ACTIVE_COMPILATION_CONDITIONS = DEBUG;
				SWIFT_OPTIMIZATION_LEVEL = "-Onone";
			};
			name = Debug;
		};
		C10175F628B087E300003DBB /* Release */ = {
			isa = XCBuildConfiguration;
			buildSettings = {
				ALWAYS_SEARCH_USER_PATHS = NO;
				CLANG_ANALYZER_NONNULL = YES;
				CLANG_ANALYZER_NUMBER_OBJECT_CONVERSION = YES_AGGRESSIVE;
				CLANG_CXX_LANGUAGE_STANDARD = "gnu++17";
				CLANG_ENABLE_MODULES = YES;
				CLANG_ENABLE_OBJC_ARC = YES;
				CLANG_ENABLE_OBJC_WEAK = YES;
				CLANG_WARN_BLOCK_CAPTURE_AUTORELEASING = YES;
				CLANG_WARN_BOOL_CONVERSION = YES;
				CLANG_WARN_COMMA = YES;
				CLANG_WARN_CONSTANT_CONVERSION = YES;
				CLANG_WARN_DEPRECATED_OBJC_IMPLEMENTATIONS = YES;
				CLANG_WARN_DIRECT_OBJC_ISA_USAGE = YES_ERROR;
				CLANG_WARN_DOCUMENTATION_COMMENTS = YES;
				CLANG_WARN_EMPTY_BODY = YES;
				CLANG_WARN_ENUM_CONVERSION = YES;
				CLANG_WARN_INFINITE_RECURSION = YES;
				CLANG_WARN_INT_CONVERSION = YES;
				CLANG_WARN_NON_LITERAL_NULL_CONVERSION = YES;
				CLANG_WARN_OBJC_IMPLICIT_RETAIN_SELF = YES;
				CLANG_WARN_OBJC_LITERAL_CONVERSION = YES;
				CLANG_WARN_OBJC_ROOT_CLASS = YES_ERROR;
				CLANG_WARN_QUOTED_INCLUDE_IN_FRAMEWORK_HEADER = YES;
				CLANG_WARN_RANGE_LOOP_ANALYSIS = YES;
				CLANG_WARN_STRICT_PROTOTYPES = YES;
				CLANG_WARN_SUSPICIOUS_MOVE = YES;
				CLANG_WARN_UNGUARDED_AVAILABILITY = YES_AGGRESSIVE;
				CLANG_WARN_UNREACHABLE_CODE = YES;
				CLANG_WARN__DUPLICATE_METHOD_MATCH = YES;
				COPY_PHASE_STRIP = NO;
				DEBUG_INFORMATION_FORMAT = "dwarf-with-dsym";
				ENABLE_NS_ASSERTIONS = NO;
				ENABLE_STRICT_OBJC_MSGSEND = YES;
				GCC_C_LANGUAGE_STANDARD = gnu11;
				GCC_NO_COMMON_BLOCKS = YES;
				GCC_WARN_64_TO_32_BIT_CONVERSION = YES;
				GCC_WARN_ABOUT_RETURN_TYPE = YES_ERROR;
				GCC_WARN_UNDECLARED_SELECTOR = YES;
				GCC_WARN_UNINITIALIZED_AUTOS = YES_AGGRESSIVE;
				GCC_WARN_UNUSED_FUNCTION = YES;
				GCC_WARN_UNUSED_VARIABLE = YES;
				IPHONEOS_DEPLOYMENT_TARGET = 15.5;
				MTL_ENABLE_DEBUG_INFO = NO;
				MTL_FAST_MATH = YES;
				SDKROOT = iphoneos;
				SWIFT_COMPILATION_MODE = wholemodule;
				SWIFT_OPTIMIZATION_LEVEL = "-O";
				VALIDATE_PRODUCT = YES;
			};
			name = Release;
		};
		C10175F828B087E300003DBB /* Debug */ = {
			isa = XCBuildConfiguration;
			buildSettings = {
				ASSETCATALOG_COMPILER_APPICON_NAME = AppIcon;
				ASSETCATALOG_COMPILER_GLOBAL_ACCENT_COLOR_NAME = AccentColor;
				CODE_SIGN_STYLE = Automatic;
				CURRENT_PROJECT_VERSION = 1;
				DEVELOPMENT_ASSET_PATHS = "\"Whatflow/Preview Content\"";
				DEVELOPMENT_TEAM = L66MHS2HQ7;
				ENABLE_PREVIEWS = YES;
				GENERATE_INFOPLIST_FILE = YES;
				INFOPLIST_KEY_UIApplicationSceneManifest_Generation = YES;
				INFOPLIST_KEY_UIApplicationSupportsIndirectInputEvents = YES;
				INFOPLIST_KEY_UILaunchScreen_Generation = YES;
				INFOPLIST_KEY_UISupportedInterfaceOrientations_iPad = "UIInterfaceOrientationPortrait UIInterfaceOrientationPortraitUpsideDown UIInterfaceOrientationLandscapeLeft UIInterfaceOrientationLandscapeRight";
				INFOPLIST_KEY_UISupportedInterfaceOrientations_iPhone = "UIInterfaceOrientationPortrait UIInterfaceOrientationLandscapeLeft UIInterfaceOrientationLandscapeRight";
				LD_RUNPATH_SEARCH_PATHS = (
					"$(inherited)",
					"@executable_path/Frameworks",
				);
				MARKETING_VERSION = 1.0;
				PRODUCT_BUNDLE_IDENTIFIER = edu.psu.wpw5138.Whatflow;
				PRODUCT_NAME = "$(TARGET_NAME)";
				SWIFT_EMIT_LOC_STRINGS = YES;
				SWIFT_VERSION = 5.0;
				TARGETED_DEVICE_FAMILY = 1;
			};
			name = Debug;
		};
		C10175F928B087E300003DBB /* Release */ = {
			isa = XCBuildConfiguration;
			buildSettings = {
				ASSETCATALOG_COMPILER_APPICON_NAME = AppIcon;
				ASSETCATALOG_COMPILER_GLOBAL_ACCENT_COLOR_NAME = AccentColor;
				CODE_SIGN_STYLE = Automatic;
				CURRENT_PROJECT_VERSION = 1;
				DEVELOPMENT_ASSET_PATHS = "\"Whatflow/Preview Content\"";
				DEVELOPMENT_TEAM = L66MHS2HQ7;
				ENABLE_PREVIEWS = YES;
				GENERATE_INFOPLIST_FILE = YES;
				INFOPLIST_KEY_UIApplicationSceneManifest_Generation = YES;
				INFOPLIST_KEY_UIApplicationSupportsIndirectInputEvents = YES;
				INFOPLIST_KEY_UILaunchScreen_Generation = YES;
				INFOPLIST_KEY_UISupportedInterfaceOrientations_iPad = "UIInterfaceOrientationPortrait UIInterfaceOrientationPortraitUpsideDown UIInterfaceOrientationLandscapeLeft UIInterfaceOrientationLandscapeRight";
				INFOPLIST_KEY_UISupportedInterfaceOrientations_iPhone = "UIInterfaceOrientationPortrait UIInterfaceOrientationLandscapeLeft UIInterfaceOrientationLandscapeRight";
				LD_RUNPATH_SEARCH_PATHS = (
					"$(inherited)",
					"@executable_path/Frameworks",
				);
				MARKETING_VERSION = 1.0;
				PRODUCT_BUNDLE_IDENTIFIER = edu.psu.wpw5138.Whatflow;
				PRODUCT_NAME = "$(TARGET_NAME)";
				SWIFT_EMIT_LOC_STRINGS = YES;
				SWIFT_VERSION = 5.0;
				TARGETED_DEVICE_FAMILY = 1;
			};
			name = Release;
		};
		C10175FB28B087E300003DBB /* Debug */ = {
			isa = XCBuildConfiguration;
			buildSettings = {
				ALWAYS_EMBED_SWIFT_STANDARD_LIBRARIES = YES;
				BUNDLE_LOADER = "$(TEST_HOST)";
				CODE_SIGN_STYLE = Automatic;
				CURRENT_PROJECT_VERSION = 1;
				DEVELOPMENT_TEAM = L66MHS2HQ7;
				GENERATE_INFOPLIST_FILE = YES;
				IPHONEOS_DEPLOYMENT_TARGET = 15.5;
				MARKETING_VERSION = 1.0;
				PRODUCT_BUNDLE_IDENTIFIER = edu.psu.wpw5138.WhatflowTests;
				PRODUCT_NAME = "$(TARGET_NAME)";
				SWIFT_EMIT_LOC_STRINGS = NO;
				SWIFT_VERSION = 5.0;
				TARGETED_DEVICE_FAMILY = "1,2";
				TEST_HOST = "$(BUILT_PRODUCTS_DIR)/Whatflow.app/Whatflow";
			};
			name = Debug;
		};
		C10175FC28B087E300003DBB /* Release */ = {
			isa = XCBuildConfiguration;
			buildSettings = {
				ALWAYS_EMBED_SWIFT_STANDARD_LIBRARIES = YES;
				BUNDLE_LOADER = "$(TEST_HOST)";
				CODE_SIGN_STYLE = Automatic;
				CURRENT_PROJECT_VERSION = 1;
				DEVELOPMENT_TEAM = L66MHS2HQ7;
				GENERATE_INFOPLIST_FILE = YES;
				IPHONEOS_DEPLOYMENT_TARGET = 15.5;
				MARKETING_VERSION = 1.0;
				PRODUCT_BUNDLE_IDENTIFIER = edu.psu.wpw5138.WhatflowTests;
				PRODUCT_NAME = "$(TARGET_NAME)";
				SWIFT_EMIT_LOC_STRINGS = NO;
				SWIFT_VERSION = 5.0;
				TARGETED_DEVICE_FAMILY = "1,2";
				TEST_HOST = "$(BUILT_PRODUCTS_DIR)/Whatflow.app/Whatflow";
			};
			name = Release;
		};
		C10175FE28B087E300003DBB /* Debug */ = {
			isa = XCBuildConfiguration;
			buildSettings = {
				ALWAYS_EMBED_SWIFT_STANDARD_LIBRARIES = YES;
				CODE_SIGN_STYLE = Automatic;
				CURRENT_PROJECT_VERSION = 1;
				DEVELOPMENT_TEAM = L66MHS2HQ7;
				GENERATE_INFOPLIST_FILE = YES;
				MARKETING_VERSION = 1.0;
				PRODUCT_BUNDLE_IDENTIFIER = edu.psu.wpw5138.WhatflowUITests;
				PRODUCT_NAME = "$(TARGET_NAME)";
				SWIFT_EMIT_LOC_STRINGS = NO;
				SWIFT_VERSION = 5.0;
				TARGETED_DEVICE_FAMILY = "1,2";
				TEST_TARGET_NAME = Whatflow;
			};
			name = Debug;
		};
		C10175FF28B087E300003DBB /* Release */ = {
			isa = XCBuildConfiguration;
			buildSettings = {
				ALWAYS_EMBED_SWIFT_STANDARD_LIBRARIES = YES;
				CODE_SIGN_STYLE = Automatic;
				CURRENT_PROJECT_VERSION = 1;
				DEVELOPMENT_TEAM = L66MHS2HQ7;
				GENERATE_INFOPLIST_FILE = YES;
				MARKETING_VERSION = 1.0;
				PRODUCT_BUNDLE_IDENTIFIER = edu.psu.wpw5138.WhatflowUITests;
				PRODUCT_NAME = "$(TARGET_NAME)";
				SWIFT_EMIT_LOC_STRINGS = NO;
				SWIFT_VERSION = 5.0;
				TARGETED_DEVICE_FAMILY = "1,2";
				TEST_TARGET_NAME = Whatflow;
			};
			name = Release;
		};
/* End XCBuildConfiguration section */

/* Begin XCConfigurationList section */
		C10175CE28B087E100003DBB /* Build configuration list for PBXProject "Whatflow" */ = {
			isa = XCConfigurationList;
			buildConfigurations = (
				C10175F528B087E300003DBB /* Debug */,
				C10175F628B087E300003DBB /* Release */,
			);
			defaultConfigurationIsVisible = 0;
			defaultConfigurationName = Release;
		};
		C10175F728B087E300003DBB /* Build configuration list for PBXNativeTarget "Whatflow" */ = {
			isa = XCConfigurationList;
			buildConfigurations = (
				C10175F828B087E300003DBB /* Debug */,
				C10175F928B087E300003DBB /* Release */,
			);
			defaultConfigurationIsVisible = 0;
			defaultConfigurationName = Release;
		};
		C10175FA28B087E300003DBB /* Build configuration list for PBXNativeTarget "WhatflowTests" */ = {
			isa = XCConfigurationList;
			buildConfigurations = (
				C10175FB28B087E300003DBB /* Debug */,
				C10175FC28B087E300003DBB /* Release */,
			);
			defaultConfigurationIsVisible = 0;
			defaultConfigurationName = Release;
		};
		C10175FD28B087E300003DBB /* Build configuration list for PBXNativeTarget "WhatflowUITests" */ = {
			isa = XCConfigurationList;
			buildConfigurations = (
				C10175FE28B087E300003DBB /* Debug */,
				C10175FF28B087E300003DBB /* Release */,
			);
			defaultConfigurationIsVisible = 0;
			defaultConfigurationName = Release;
		};
/* End XCConfigurationList section */
	};
	rootObject = C10175CB28B087E100003DBB /* Project object */;
}
